// !$*UTF8*$!
{
	archiveVersion = 1;
	classes = {
	};
	objectVersion = 56;
	objects = {

/* Begin PBXBuildFile section */
		8F1685302C6354590010F8D8 /* AppDelegate.swift in Sources */ = {isa = PBXBuildFile; fileRef = 8F16852F2C6354590010F8D8 /* AppDelegate.swift */; };
		8F1685322C6354590010F8D8 /* SceneDelegate.swift in Sources */ = {isa = PBXBuildFile; fileRef = 8F1685312C6354590010F8D8 /* SceneDelegate.swift */; };
		8F1685342C6354590010F8D8 /* ViewController.swift in Sources */ = {isa = PBXBuildFile; fileRef = 8F1685332C6354590010F8D8 /* ViewController.swift */; };
		8F1685392C63545A0010F8D8 /* Assets.xcassets in Resources */ = {isa = PBXBuildFile; fileRef = 8F1685382C63545A0010F8D8 /* Assets.xcassets */; };
		8F16853C2C63545A0010F8D8 /* Base in Resources */ = {isa = PBXBuildFile; fileRef = 8F16853B2C63545A0010F8D8 /* Base */; };
		8F1685492C6360180010F8D8 /* FirebaseAuth in Frameworks */ = {isa = PBXBuildFile; productRef = 8F1685482C6360180010F8D8 /* FirebaseAuth */; };
		8F16854B2C6360180010F8D8 /* FirebaseFirestore in Frameworks */ = {isa = PBXBuildFile; productRef = 8F16854A2C6360180010F8D8 /* FirebaseFirestore */; };
		8F16854D2C6360180010F8D8 /* FirebaseStorage in Frameworks */ = {isa = PBXBuildFile; productRef = 8F16854C2C6360180010F8D8 /* FirebaseStorage */; };
		8F1685512C6598C00010F8D8 /* (null) in Resources */ = {isa = PBXBuildFile; };
		8F1685532C6599A20010F8D8 /* CalendarViewController.swift in Sources */ = {isa = PBXBuildFile; fileRef = 8F1685522C6599A20010F8D8 /* CalendarViewController.swift */; };
		8F4C73BF2C6AF771000AACDA /* GoogleService-Info.plist in Resources */ = {isa = PBXBuildFile; fileRef = 8F4C73BE2C6AF771000AACDA /* GoogleService-Info.plist */; };
		C24BFA552C647BA600A5B40A /* .swiftlint.yml in Resources */ = {isa = PBXBuildFile; fileRef = C24BFA542C647BA600A5B40A /* .swiftlint.yml */; };
		C24BFA632C649CBA00A5B40A /* SignInViewController.swift in Sources */ = {isa = PBXBuildFile; fileRef = C24BFA622C649CBA00A5B40A /* SignInViewController.swift */; };
		C24BFA672C649CF700A5B40A /* AuthViewModel.swift in Sources */ = {isa = PBXBuildFile; fileRef = C24BFA662C649CF700A5B40A /* AuthViewModel.swift */; };
		C24BFA6A2C649E4300A5B40A /* GoogleSignIn in Frameworks */ = {isa = PBXBuildFile; productRef = C24BFA692C649E4300A5B40A /* GoogleSignIn */; };
		C24BFA6C2C649E4300A5B40A /* GoogleSignInSwift in Frameworks */ = {isa = PBXBuildFile; productRef = C24BFA6B2C649E4300A5B40A /* GoogleSignInSwift */; };
		C2599B382C699B05004EF6E7 /* LocalAuthenticationViewModel.swift in Sources */ = {isa = PBXBuildFile; fileRef = C2599B372C699B05004EF6E7 /* LocalAuthenticationViewModel.swift */; };
		C2599B3A2C69A17B004EF6E7 /* AppLockSettingTableViewCell.swift in Sources */ = {isa = PBXBuildFile; fileRef = C2599B392C69A17B004EF6E7 /* AppLockSettingTableViewCell.swift */; };
		C25F382B2C65B25F00EF9A2E /* SettingViewController.swift in Sources */ = {isa = PBXBuildFile; fileRef = C25F382A2C65B25F00EF9A2E /* SettingViewController.swift */; };
		C25F382E2C65BA7900EF9A2E /* AccountInfoTableViewCell.swift in Sources */ = {isa = PBXBuildFile; fileRef = C25F382D2C65BA7900EF9A2E /* AccountInfoTableViewCell.swift */; };
		C25F38302C65D6F300EF9A2E /* SettingTableViewCell.swift in Sources */ = {isa = PBXBuildFile; fileRef = C25F382F2C65D6F300EF9A2E /* SettingTableViewCell.swift */; };
/* End PBXBuildFile section */

/* Begin PBXFileReference section */
		8F16852C2C6354590010F8D8 /* SnapPop.app */ = {isa = PBXFileReference; explicitFileType = wrapper.application; includeInIndex = 0; path = SnapPop.app; sourceTree = BUILT_PRODUCTS_DIR; };
		8F16852F2C6354590010F8D8 /* AppDelegate.swift */ = {isa = PBXFileReference; lastKnownFileType = sourcecode.swift; path = AppDelegate.swift; sourceTree = "<group>"; };
		8F1685312C6354590010F8D8 /* SceneDelegate.swift */ = {isa = PBXFileReference; lastKnownFileType = sourcecode.swift; path = SceneDelegate.swift; sourceTree = "<group>"; };
		8F1685332C6354590010F8D8 /* ViewController.swift */ = {isa = PBXFileReference; lastKnownFileType = sourcecode.swift; path = ViewController.swift; sourceTree = "<group>"; };
		8F1685382C63545A0010F8D8 /* Assets.xcassets */ = {isa = PBXFileReference; lastKnownFileType = folder.assetcatalog; path = Assets.xcassets; sourceTree = "<group>"; };
		8F16853B2C63545A0010F8D8 /* Base */ = {isa = PBXFileReference; lastKnownFileType = file.storyboard; name = Base; path = Base.lproj/LaunchScreen.storyboard; sourceTree = "<group>"; };
		8F16853D2C63545A0010F8D8 /* Info.plist */ = {isa = PBXFileReference; lastKnownFileType = text.plist.xml; path = Info.plist; sourceTree = "<group>"; };
		8F1685522C6599A20010F8D8 /* CalendarViewController.swift */ = {isa = PBXFileReference; lastKnownFileType = sourcecode.swift; path = CalendarViewController.swift; sourceTree = "<group>"; };
		8F4C73BD2C6AF6AF000AACDA /* Config.xcconfig */ = {isa = PBXFileReference; lastKnownFileType = text.xcconfig; path = Config.xcconfig; sourceTree = "<group>"; };
		8F4C73BE2C6AF771000AACDA /* GoogleService-Info.plist */ = {isa = PBXFileReference; fileEncoding = 4; lastKnownFileType = text.plist.xml; path = "GoogleService-Info.plist"; sourceTree = "<group>"; };
		C24BFA542C647BA600A5B40A /* .swiftlint.yml */ = {isa = PBXFileReference; lastKnownFileType = text.yaml; path = .swiftlint.yml; sourceTree = "<group>"; };
		C24BFA622C649CBA00A5B40A /* SignInViewController.swift */ = {isa = PBXFileReference; lastKnownFileType = sourcecode.swift; path = SignInViewController.swift; sourceTree = "<group>"; };
		C24BFA662C649CF700A5B40A /* AuthViewModel.swift */ = {isa = PBXFileReference; lastKnownFileType = sourcecode.swift; path = AuthViewModel.swift; sourceTree = "<group>"; };
		C24BFA722C64B01400A5B40A /* SnapPop.entitlements */ = {isa = PBXFileReference; lastKnownFileType = text.plist.entitlements; path = SnapPop.entitlements; sourceTree = "<group>"; };
		C2599B372C699B05004EF6E7 /* LocalAuthenticationViewModel.swift */ = {isa = PBXFileReference; lastKnownFileType = sourcecode.swift; path = LocalAuthenticationViewModel.swift; sourceTree = "<group>"; };
		C2599B392C69A17B004EF6E7 /* AppLockSettingTableViewCell.swift */ = {isa = PBXFileReference; lastKnownFileType = sourcecode.swift; path = AppLockSettingTableViewCell.swift; sourceTree = "<group>"; };
		C25F382A2C65B25F00EF9A2E /* SettingViewController.swift */ = {isa = PBXFileReference; lastKnownFileType = sourcecode.swift; path = SettingViewController.swift; sourceTree = "<group>"; };
		C25F382D2C65BA7900EF9A2E /* AccountInfoTableViewCell.swift */ = {isa = PBXFileReference; lastKnownFileType = sourcecode.swift; path = AccountInfoTableViewCell.swift; sourceTree = "<group>"; };
		C25F382F2C65D6F300EF9A2E /* SettingTableViewCell.swift */ = {isa = PBXFileReference; lastKnownFileType = sourcecode.swift; path = SettingTableViewCell.swift; sourceTree = "<group>"; };
/* End PBXFileReference section */

/* Begin PBXFrameworksBuildPhase section */
		8F1685292C6354590010F8D8 /* Frameworks */ = {
			isa = PBXFrameworksBuildPhase;
			buildActionMask = 2147483647;
			files = (
				C24BFA6C2C649E4300A5B40A /* GoogleSignInSwift in Frameworks */,
				8F1685492C6360180010F8D8 /* FirebaseAuth in Frameworks */,
				C24BFA6A2C649E4300A5B40A /* GoogleSignIn in Frameworks */,
				8F16854B2C6360180010F8D8 /* FirebaseFirestore in Frameworks */,
				8F16854D2C6360180010F8D8 /* FirebaseStorage in Frameworks */,
			);
			runOnlyForDeploymentPostprocessing = 0;
		};
/* End PBXFrameworksBuildPhase section */

/* Begin PBXGroup section */
		8F1685232C6354590010F8D8 = {
			isa = PBXGroup;
			children = (
				8F4C73BD2C6AF6AF000AACDA /* Config.xcconfig */,
				C24BFA542C647BA600A5B40A /* .swiftlint.yml */,
				8F16852E2C6354590010F8D8 /* SnapPop */,
				8F16852D2C6354590010F8D8 /* Products */,
			);
			sourceTree = "<group>";
		};
		8F16852D2C6354590010F8D8 /* Products */ = {
			isa = PBXGroup;
			children = (
				8F16852C2C6354590010F8D8 /* SnapPop.app */,
			);
			name = Products;
			sourceTree = "<group>";
		};
		8F16852E2C6354590010F8D8 /* SnapPop */ = {
			isa = PBXGroup;
			children = (
				C24BFA722C64B01400A5B40A /* SnapPop.entitlements */,
				C24BFA572C647E7800A5B40A /* Application */,
				C24BFA5C2C64809C00A5B40A /* Common */,
				C24BFA5D2C64817300A5B40A /* FirebaseManager */,
				C24BFA592C647EB600A5B40A /* Models */,
				C24BFA5A2C647EBA00A5B40A /* Views */,
				C24BFA5B2C64801100A5B40A /* ViewModels */,
				C24BFA582C647E9800A5B40A /* Resources */,
				8F16853D2C63545A0010F8D8 /* Info.plist */,
				8F4C73BE2C6AF771000AACDA /* GoogleService-Info.plist */,
			);
			path = SnapPop;
			sourceTree = "<group>";
		};
		C24BFA572C647E7800A5B40A /* Application */ = {
			isa = PBXGroup;
			children = (
				8F16852F2C6354590010F8D8 /* AppDelegate.swift */,
				8F1685312C6354590010F8D8 /* SceneDelegate.swift */,
			);
			path = Application;
			sourceTree = "<group>";
		};
		C24BFA582C647E9800A5B40A /* Resources */ = {
			isa = PBXGroup;
			children = (
				8F1685382C63545A0010F8D8 /* Assets.xcassets */,
				8F16853A2C63545A0010F8D8 /* LaunchScreen.storyboard */,
			);
			path = Resources;
			sourceTree = "<group>";
		};
		C24BFA592C647EB600A5B40A /* Models */ = {
			isa = PBXGroup;
			children = (
			);
			path = Models;
			sourceTree = "<group>";
		};
		C24BFA5A2C647EBA00A5B40A /* Views */ = {
			isa = PBXGroup;
			children = (
				C25F38292C65B24F00EF9A2E /* Setting */,
				C24BFA602C649C8100A5B40A /* Auth */,
				8F1685332C6354590010F8D8 /* ViewController.swift */,
				8F1685522C6599A20010F8D8 /* CalendarViewController.swift */,
			);
			path = Views;
			sourceTree = "<group>";
		};
		C24BFA5B2C64801100A5B40A /* ViewModels */ = {
			isa = PBXGroup;
			children = (
				C2599B362C699AC5004EF6E7 /* Setting */,
				C24BFA612C649CA700A5B40A /* Auth */,
			);
			path = ViewModels;
			sourceTree = "<group>";
		};
		C24BFA5C2C64809C00A5B40A /* Common */ = {
			isa = PBXGroup;
			children = (
			);
			path = Common;
			sourceTree = "<group>";
		};
		C24BFA5D2C64817300A5B40A /* FirebaseManager */ = {
			isa = PBXGroup;
			children = (
			);
			path = FirebaseManager;
			sourceTree = "<group>";
		};
		C24BFA602C649C8100A5B40A /* Auth */ = {
			isa = PBXGroup;
			children = (
				C24BFA622C649CBA00A5B40A /* SignInViewController.swift */,
			);
			path = Auth;
			sourceTree = "<group>";
		};
		C24BFA612C649CA700A5B40A /* Auth */ = {
			isa = PBXGroup;
			children = (
				C24BFA662C649CF700A5B40A /* AuthViewModel.swift */,
			);
			path = Auth;
			sourceTree = "<group>";
		};
		C2599B362C699AC5004EF6E7 /* Setting */ = {
			isa = PBXGroup;
			children = (
				C2599B372C699B05004EF6E7 /* LocalAuthenticationViewModel.swift */,
			);
			path = Setting;
			sourceTree = "<group>";
		};
		C25F38292C65B24F00EF9A2E /* Setting */ = {
			isa = PBXGroup;
			children = (
				C25F382A2C65B25F00EF9A2E /* SettingViewController.swift */,
				C25F382D2C65BA7900EF9A2E /* AccountInfoTableViewCell.swift */,
				C25F382F2C65D6F300EF9A2E /* SettingTableViewCell.swift */,
				C2599B392C69A17B004EF6E7 /* AppLockSettingTableViewCell.swift */,
			);
			path = Setting;
			sourceTree = "<group>";
		};
/* End PBXGroup section */

/* Begin PBXNativeTarget section */
		8F16852B2C6354590010F8D8 /* SnapPop */ = {
			isa = PBXNativeTarget;
			buildConfigurationList = 8F1685402C63545A0010F8D8 /* Build configuration list for PBXNativeTarget "SnapPop" */;
			buildPhases = (
				8F1685282C6354590010F8D8 /* Sources */,
				8F1685292C6354590010F8D8 /* Frameworks */,
				8F16852A2C6354590010F8D8 /* Resources */,
				C24BFA532C647B7C00A5B40A /* SwiftLint Script */,
			);
			buildRules = (
			);
			dependencies = (
			);
			name = SnapPop;
			packageProductDependencies = (
				8F1685482C6360180010F8D8 /* FirebaseAuth */,
				8F16854A2C6360180010F8D8 /* FirebaseFirestore */,
				8F16854C2C6360180010F8D8 /* FirebaseStorage */,
				C24BFA692C649E4300A5B40A /* GoogleSignIn */,
				C24BFA6B2C649E4300A5B40A /* GoogleSignInSwift */,
			);
			productName = SnapPop;
			productReference = 8F16852C2C6354590010F8D8 /* SnapPop.app */;
			productType = "com.apple.product-type.application";
		};
/* End PBXNativeTarget section */

/* Begin PBXProject section */
		8F1685242C6354590010F8D8 /* Project object */ = {
			isa = PBXProject;
			attributes = {
				BuildIndependentTargetsInParallel = 1;
				LastSwiftUpdateCheck = 1530;
				LastUpgradeCheck = 1530;
				TargetAttributes = {
					8F16852B2C6354590010F8D8 = {
						CreatedOnToolsVersion = 15.3;
					};
				};
			};
			buildConfigurationList = 8F1685272C6354590010F8D8 /* Build configuration list for PBXProject "SnapPop" */;
			compatibilityVersion = "Xcode 14.0";
			developmentRegion = en;
			hasScannedForEncodings = 0;
			knownRegions = (
				en,
				Base,
			);
			mainGroup = 8F1685232C6354590010F8D8;
			packageReferences = (
				8F1685472C6360180010F8D8 /* XCRemoteSwiftPackageReference "firebase-ios-sdk" */,
				C24BFA522C647B6900A5B40A /* XCRemoteSwiftPackageReference "SwiftLintPlugins" */,
				C24BFA682C649E4300A5B40A /* XCRemoteSwiftPackageReference "GoogleSignIn-iOS" */,
			);
			productRefGroup = 8F16852D2C6354590010F8D8 /* Products */;
			projectDirPath = "";
			projectRoot = "";
			targets = (
				8F16852B2C6354590010F8D8 /* SnapPop */,
			);
		};
/* End PBXProject section */

/* Begin PBXResourcesBuildPhase section */
		8F16852A2C6354590010F8D8 /* Resources */ = {
			isa = PBXResourcesBuildPhase;
			buildActionMask = 2147483647;
			files = (
				C24BFA552C647BA600A5B40A /* .swiftlint.yml in Resources */,
				8F1685512C6598C00010F8D8 /* (null) in Resources */,
				8F4C73BF2C6AF771000AACDA /* GoogleService-Info.plist in Resources */,
				8F1685392C63545A0010F8D8 /* Assets.xcassets in Resources */,
				8F16853C2C63545A0010F8D8 /* Base in Resources */,
			);
			runOnlyForDeploymentPostprocessing = 0;
		};
/* End PBXResourcesBuildPhase section */

/* Begin PBXShellScriptBuildPhase section */
		C24BFA532C647B7C00A5B40A /* SwiftLint Script */ = {
			isa = PBXShellScriptBuildPhase;
			buildActionMask = 2147483647;
			files = (
			);
			inputFileListPaths = (
			);
			inputPaths = (
			);
			name = "SwiftLint Script";
			outputFileListPaths = (
			);
			outputPaths = (
			);
			runOnlyForDeploymentPostprocessing = 0;
			shellPath = /bin/sh;
			shellScript = "# Type a script or drag a script file from your workspace to insert its path.\nSWIFT_PACKAGE_DIR=\"${BUILD_DIR%Build/*}SourcePackages/artifacts\"\nSWIFTLINT_CMD=$(ls \"$SWIFT_PACKAGE_DIR\"/swiftlintplugins/SwiftLintBinary/SwiftLintBinary.artifactbundle/swiftlint-*/bin/swiftlint | head -n 1)\n\nif test -f \"$SWIFTLINT_CMD\" 2>&1\nthen\n    \"$SWIFTLINT_CMD\"\nelse\n    echo \"warning: `swiftlint` command not found - See https://github.com/realm/SwiftLint#installation for installation instructions.\"\nfi\n";
		};
/* End PBXShellScriptBuildPhase section */

/* Begin PBXSourcesBuildPhase section */
		8F1685282C6354590010F8D8 /* Sources */ = {
			isa = PBXSourcesBuildPhase;
			buildActionMask = 2147483647;
			files = (
				C24BFA672C649CF700A5B40A /* AuthViewModel.swift in Sources */,
				C24BFA632C649CBA00A5B40A /* SignInViewController.swift in Sources */,
				C25F38302C65D6F300EF9A2E /* SettingTableViewCell.swift in Sources */,
				8F1685342C6354590010F8D8 /* ViewController.swift in Sources */,
				8F1685302C6354590010F8D8 /* AppDelegate.swift in Sources */,
				8F1685532C6599A20010F8D8 /* CalendarViewController.swift in Sources */,
				C2599B382C699B05004EF6E7 /* LocalAuthenticationViewModel.swift in Sources */,
				C25F382E2C65BA7900EF9A2E /* AccountInfoTableViewCell.swift in Sources */,
				C2599B3A2C69A17B004EF6E7 /* AppLockSettingTableViewCell.swift in Sources */,
				C25F382B2C65B25F00EF9A2E /* SettingViewController.swift in Sources */,
				8F1685322C6354590010F8D8 /* SceneDelegate.swift in Sources */,
			);
			runOnlyForDeploymentPostprocessing = 0;
		};
/* End PBXSourcesBuildPhase section */

/* Begin PBXVariantGroup section */
		8F16853A2C63545A0010F8D8 /* LaunchScreen.storyboard */ = {
			isa = PBXVariantGroup;
			children = (
				8F16853B2C63545A0010F8D8 /* Base */,
			);
			name = LaunchScreen.storyboard;
			sourceTree = "<group>";
		};
/* End PBXVariantGroup section */

/* Begin XCBuildConfiguration section */
		8F16853E2C63545A0010F8D8 /* Debug */ = {
			isa = XCBuildConfiguration;
			baseConfigurationReference = 8F4C73BD2C6AF6AF000AACDA /* Config.xcconfig */;
			buildSettings = {
				ALWAYS_SEARCH_USER_PATHS = NO;
				ASSETCATALOG_COMPILER_GENERATE_SWIFT_ASSET_SYMBOL_EXTENSIONS = YES;
				CLANG_ANALYZER_NONNULL = YES;
				CLANG_ANALYZER_NUMBER_OBJECT_CONVERSION = YES_AGGRESSIVE;
				CLANG_CXX_LANGUAGE_STANDARD = "gnu++20";
				CLANG_ENABLE_MODULES = YES;
				CLANG_ENABLE_OBJC_ARC = YES;
				CLANG_ENABLE_OBJC_WEAK = YES;
				CLANG_WARN_BLOCK_CAPTURE_AUTORELEASING = YES;
				CLANG_WARN_BOOL_CONVERSION = YES;
				CLANG_WARN_COMMA = YES;
				CLANG_WARN_CONSTANT_CONVERSION = YES;
				CLANG_WARN_DEPRECATED_OBJC_IMPLEMENTATIONS = YES;
				CLANG_WARN_DIRECT_OBJC_ISA_USAGE = YES_ERROR;
				CLANG_WARN_DOCUMENTATION_COMMENTS = YES;
				CLANG_WARN_EMPTY_BODY = YES;
				CLANG_WARN_ENUM_CONVERSION = YES;
				CLANG_WARN_INFINITE_RECURSION = YES;
				CLANG_WARN_INT_CONVERSION = YES;
				CLANG_WARN_NON_LITERAL_NULL_CONVERSION = YES;
				CLANG_WARN_OBJC_IMPLICIT_RETAIN_SELF = YES;
				CLANG_WARN_OBJC_LITERAL_CONVERSION = YES;
				CLANG_WARN_OBJC_ROOT_CLASS = YES_ERROR;
				CLANG_WARN_QUOTED_INCLUDE_IN_FRAMEWORK_HEADER = YES;
				CLANG_WARN_RANGE_LOOP_ANALYSIS = YES;
				CLANG_WARN_STRICT_PROTOTYPES = YES;
				CLANG_WARN_SUSPICIOUS_MOVE = YES;
				CLANG_WARN_UNGUARDED_AVAILABILITY = YES_AGGRESSIVE;
				CLANG_WARN_UNREACHABLE_CODE = YES;
				CLANG_WARN__DUPLICATE_METHOD_MATCH = YES;
				COPY_PHASE_STRIP = NO;
				DEBUG_INFORMATION_FORMAT = dwarf;
				ENABLE_STRICT_OBJC_MSGSEND = YES;
				ENABLE_TESTABILITY = YES;
				ENABLE_USER_SCRIPT_SANDBOXING = NO;
				GCC_C_LANGUAGE_STANDARD = gnu17;
				GCC_DYNAMIC_NO_PIC = NO;
				GCC_NO_COMMON_BLOCKS = YES;
				GCC_OPTIMIZATION_LEVEL = 0;
				GCC_PREPROCESSOR_DEFINITIONS = (
					"DEBUG=1",
					"$(inherited)",
				);
				GCC_WARN_64_TO_32_BIT_CONVERSION = YES;
				GCC_WARN_ABOUT_RETURN_TYPE = YES_ERROR;
				GCC_WARN_UNDECLARED_SELECTOR = YES;
				GCC_WARN_UNINITIALIZED_AUTOS = YES_AGGRESSIVE;
				GCC_WARN_UNUSED_FUNCTION = YES;
				GCC_WARN_UNUSED_VARIABLE = YES;
				IPHONEOS_DEPLOYMENT_TARGET = 17.0;
				LOCALIZATION_PREFERS_STRING_CATALOGS = YES;
				MTL_ENABLE_DEBUG_INFO = INCLUDE_SOURCE;
				MTL_FAST_MATH = YES;
				ONLY_ACTIVE_ARCH = YES;
				SDKROOT = iphoneos;
				SWIFT_ACTIVE_COMPILATION_CONDITIONS = "DEBUG $(inherited)";
				SWIFT_OPTIMIZATION_LEVEL = "-Onone";
			};
			name = Debug;
		};
		8F16853F2C63545A0010F8D8 /* Release */ = {
			isa = XCBuildConfiguration;
			baseConfigurationReference = 8F4C73BD2C6AF6AF000AACDA /* Config.xcconfig */;
			buildSettings = {
				ALWAYS_SEARCH_USER_PATHS = NO;
				ASSETCATALOG_COMPILER_GENERATE_SWIFT_ASSET_SYMBOL_EXTENSIONS = YES;
				CLANG_ANALYZER_NONNULL = YES;
				CLANG_ANALYZER_NUMBER_OBJECT_CONVERSION = YES_AGGRESSIVE;
				CLANG_CXX_LANGUAGE_STANDARD = "gnu++20";
				CLANG_ENABLE_MODULES = YES;
				CLANG_ENABLE_OBJC_ARC = YES;
				CLANG_ENABLE_OBJC_WEAK = YES;
				CLANG_WARN_BLOCK_CAPTURE_AUTORELEASING = YES;
				CLANG_WARN_BOOL_CONVERSION = YES;
				CLANG_WARN_COMMA = YES;
				CLANG_WARN_CONSTANT_CONVERSION = YES;
				CLANG_WARN_DEPRECATED_OBJC_IMPLEMENTATIONS = YES;
				CLANG_WARN_DIRECT_OBJC_ISA_USAGE = YES_ERROR;
				CLANG_WARN_DOCUMENTATION_COMMENTS = YES;
				CLANG_WARN_EMPTY_BODY = YES;
				CLANG_WARN_ENUM_CONVERSION = YES;
				CLANG_WARN_INFINITE_RECURSION = YES;
				CLANG_WARN_INT_CONVERSION = YES;
				CLANG_WARN_NON_LITERAL_NULL_CONVERSION = YES;
				CLANG_WARN_OBJC_IMPLICIT_RETAIN_SELF = YES;
				CLANG_WARN_OBJC_LITERAL_CONVERSION = YES;
				CLANG_WARN_OBJC_ROOT_CLASS = YES_ERROR;
				CLANG_WARN_QUOTED_INCLUDE_IN_FRAMEWORK_HEADER = YES;
				CLANG_WARN_RANGE_LOOP_ANALYSIS = YES;
				CLANG_WARN_STRICT_PROTOTYPES = YES;
				CLANG_WARN_SUSPICIOUS_MOVE = YES;
				CLANG_WARN_UNGUARDED_AVAILABILITY = YES_AGGRESSIVE;
				CLANG_WARN_UNREACHABLE_CODE = YES;
				CLANG_WARN__DUPLICATE_METHOD_MATCH = YES;
				COPY_PHASE_STRIP = NO;
				DEBUG_INFORMATION_FORMAT = "dwarf-with-dsym";
				ENABLE_NS_ASSERTIONS = NO;
				ENABLE_STRICT_OBJC_MSGSEND = YES;
				ENABLE_USER_SCRIPT_SANDBOXING = NO;
				GCC_C_LANGUAGE_STANDARD = gnu17;
				GCC_NO_COMMON_BLOCKS = YES;
				GCC_WARN_64_TO_32_BIT_CONVERSION = YES;
				GCC_WARN_ABOUT_RETURN_TYPE = YES_ERROR;
				GCC_WARN_UNDECLARED_SELECTOR = YES;
				GCC_WARN_UNINITIALIZED_AUTOS = YES_AGGRESSIVE;
				GCC_WARN_UNUSED_FUNCTION = YES;
				GCC_WARN_UNUSED_VARIABLE = YES;
				IPHONEOS_DEPLOYMENT_TARGET = 17.0;
				LOCALIZATION_PREFERS_STRING_CATALOGS = YES;
				MTL_ENABLE_DEBUG_INFO = NO;
				MTL_FAST_MATH = YES;
				SDKROOT = iphoneos;
				SWIFT_COMPILATION_MODE = wholemodule;
				VALIDATE_PRODUCT = YES;
			};
			name = Release;
		};
		8F1685412C63545A0010F8D8 /* Debug */ = {
			isa = XCBuildConfiguration;
			buildSettings = {
				ASSETCATALOG_COMPILER_APPICON_NAME = AppIcon;
				ASSETCATALOG_COMPILER_GLOBAL_ACCENT_COLOR_NAME = AccentColor;
				CODE_SIGN_ENTITLEMENTS = SnapPop/SnapPop.entitlements;
				CODE_SIGN_IDENTITY = "Apple Development";
				CODE_SIGN_STYLE = Automatic;
				CURRENT_PROJECT_VERSION = 1;
				DEVELOPMENT_TEAM = 59FP2PXRXK;
				GENERATE_INFOPLIST_FILE = YES;
				INFOPLIST_FILE = SnapPop/Info.plist;
				INFOPLIST_KEY_NSFaceIDUsageDescription = "SnapPop 앱 잠금 해제를 위해 Face ID가 필요합니다.";
				INFOPLIST_KEY_UIApplicationSupportsIndirectInputEvents = YES;
				INFOPLIST_KEY_UILaunchStoryboardName = LaunchScreen;
				INFOPLIST_KEY_UISupportedInterfaceOrientations_iPad = "UIInterfaceOrientationPortrait UIInterfaceOrientationPortraitUpsideDown UIInterfaceOrientationLandscapeLeft UIInterfaceOrientationLandscapeRight";
				INFOPLIST_KEY_UISupportedInterfaceOrientations_iPhone = "UIInterfaceOrientationPortrait UIInterfaceOrientationLandscapeLeft UIInterfaceOrientationLandscapeRight";
				LD_RUNPATH_SEARCH_PATHS = (
					"$(inherited)",
					"@executable_path/Frameworks",
				);
				MARKETING_VERSION = 1.0;
				PRODUCT_BUNDLE_IDENTIFIER = com.codegrove.SnapPop;
				PRODUCT_NAME = "$(TARGET_NAME)";
				PROVISIONING_PROFILE_SPECIFIER = "";
				SWIFT_EMIT_LOC_STRINGS = YES;
				SWIFT_VERSION = 5.0;
				TARGETED_DEVICE_FAMILY = "1,2";
			};
			name = Debug;
		};
		8F1685422C63545A0010F8D8 /* Release */ = {
			isa = XCBuildConfiguration;
			buildSettings = {
				ASSETCATALOG_COMPILER_APPICON_NAME = AppIcon;
				ASSETCATALOG_COMPILER_GLOBAL_ACCENT_COLOR_NAME = AccentColor;
				CODE_SIGN_ENTITLEMENTS = SnapPop/SnapPop.entitlements;
				CODE_SIGN_IDENTITY = "Apple Development";
				CODE_SIGN_STYLE = Automatic;
				CURRENT_PROJECT_VERSION = 1;
				DEVELOPMENT_TEAM = 59FP2PXRXK;
				GENERATE_INFOPLIST_FILE = YES;
				INFOPLIST_FILE = SnapPop/Info.plist;
				INFOPLIST_KEY_NSFaceIDUsageDescription = "SnapPop 앱 잠금 해제를 위해 Face ID가 필요합니다.";
				INFOPLIST_KEY_UIApplicationSupportsIndirectInputEvents = YES;
				INFOPLIST_KEY_UILaunchStoryboardName = LaunchScreen;
				INFOPLIST_KEY_UISupportedInterfaceOrientations_iPad = "UIInterfaceOrientationPortrait UIInterfaceOrientationPortraitUpsideDown UIInterfaceOrientationLandscapeLeft UIInterfaceOrientationLandscapeRight";
				INFOPLIST_KEY_UISupportedInterfaceOrientations_iPhone = "UIInterfaceOrientationPortrait UIInterfaceOrientationLandscapeLeft UIInterfaceOrientationLandscapeRight";
				LD_RUNPATH_SEARCH_PATHS = (
					"$(inherited)",
					"@executable_path/Frameworks",
				);
				MARKETING_VERSION = 1.0;
				PRODUCT_BUNDLE_IDENTIFIER = com.codegrove.SnapPop;
				PRODUCT_NAME = "$(TARGET_NAME)";
				PROVISIONING_PROFILE_SPECIFIER = "";
				SWIFT_EMIT_LOC_STRINGS = YES;
				SWIFT_VERSION = 5.0;
				TARGETED_DEVICE_FAMILY = "1,2";
			};
			name = Release;
		};
/* End XCBuildConfiguration section */

/* Begin XCConfigurationList section */
		8F1685272C6354590010F8D8 /* Build configuration list for PBXProject "SnapPop" */ = {
			isa = XCConfigurationList;
			buildConfigurations = (
				8F16853E2C63545A0010F8D8 /* Debug */,
				8F16853F2C63545A0010F8D8 /* Release */,
			);
			defaultConfigurationIsVisible = 0;
			defaultConfigurationName = Release;
		};
		8F1685402C63545A0010F8D8 /* Build configuration list for PBXNativeTarget "SnapPop" */ = {
			isa = XCConfigurationList;
			buildConfigurations = (
				8F1685412C63545A0010F8D8 /* Debug */,
				8F1685422C63545A0010F8D8 /* Release */,
			);
			defaultConfigurationIsVisible = 0;
			defaultConfigurationName = Release;
		};
/* End XCConfigurationList section */

/* Begin XCRemoteSwiftPackageReference section */
		8F1685472C6360180010F8D8 /* XCRemoteSwiftPackageReference "firebase-ios-sdk" */ = {
			isa = XCRemoteSwiftPackageReference;
			repositoryURL = "https://github.com/firebase/firebase-ios-sdk.git";
			requirement = {
				kind = upToNextMajorVersion;
				minimumVersion = 11.0.0;
			};
		};
		C24BFA522C647B6900A5B40A /* XCRemoteSwiftPackageReference "SwiftLintPlugins" */ = {
			isa = XCRemoteSwiftPackageReference;
			repositoryURL = "https://github.com/SimplyDanny/SwiftLintPlugins";
			requirement = {
				kind = upToNextMajorVersion;
				minimumVersion = 0.56.1;
			};
		};
		C24BFA682C649E4300A5B40A /* XCRemoteSwiftPackageReference "GoogleSignIn-iOS" */ = {
			isa = XCRemoteSwiftPackageReference;
			repositoryURL = "https://github.com/google/GoogleSignIn-iOS";
			requirement = {
				kind = upToNextMajorVersion;
				minimumVersion = 7.1.0;
			};
		};
/* End XCRemoteSwiftPackageReference section */

/* Begin XCSwiftPackageProductDependency section */
		8F1685482C6360180010F8D8 /* FirebaseAuth */ = {
			isa = XCSwiftPackageProductDependency;
			package = 8F1685472C6360180010F8D8 /* XCRemoteSwiftPackageReference "firebase-ios-sdk" */;
			productName = FirebaseAuth;
		};
		8F16854A2C6360180010F8D8 /* FirebaseFirestore */ = {
			isa = XCSwiftPackageProductDependency;
			package = 8F1685472C6360180010F8D8 /* XCRemoteSwiftPackageReference "firebase-ios-sdk" */;
			productName = FirebaseFirestore;
		};
		8F16854C2C6360180010F8D8 /* FirebaseStorage */ = {
			isa = XCSwiftPackageProductDependency;
			package = 8F1685472C6360180010F8D8 /* XCRemoteSwiftPackageReference "firebase-ios-sdk" */;
			productName = FirebaseStorage;
		};
		C24BFA692C649E4300A5B40A /* GoogleSignIn */ = {
			isa = XCSwiftPackageProductDependency;
			package = C24BFA682C649E4300A5B40A /* XCRemoteSwiftPackageReference "GoogleSignIn-iOS" */;
			productName = GoogleSignIn;
		};
		C24BFA6B2C649E4300A5B40A /* GoogleSignInSwift */ = {
			isa = XCSwiftPackageProductDependency;
			package = C24BFA682C649E4300A5B40A /* XCRemoteSwiftPackageReference "GoogleSignIn-iOS" */;
			productName = GoogleSignInSwift;
		};
/* End XCSwiftPackageProductDependency section */
	};
	rootObject = 8F1685242C6354590010F8D8 /* Project object */;
}
