// !$*UTF8*$!
{
	archiveVersion = 1;
	classes = {
	};
	objectVersion = 56;
	objects = {

/* Begin PBXBuildFile section */
		4A20F6472C6C32B600F263FF /* SnapComparisonSheetViewModel.swift in Sources */ = {isa = PBXBuildFile; fileRef = 4A20F6462C6C32B600F263FF /* SnapComparisonSheetViewModel.swift */; };
		4A20F6492C6C32E900F263FF /* SnapComparisonCellViewModel.swift in Sources */ = {isa = PBXBuildFile; fileRef = 4A20F6482C6C32E900F263FF /* SnapComparisonCellViewModel.swift */; };
		4A82A7E92C7392D500E27228 /* CategorySettingsTableViewCell.swift in Sources */ = {isa = PBXBuildFile; fileRef = 4A82A7E82C7392D500E27228 /* CategorySettingsTableViewCell.swift */; };
		4AC605B42C78769D00D3AF19 /* Kingfisher in Frameworks */ = {isa = PBXBuildFile; productRef = 4AC605B32C78769D00D3AF19 /* Kingfisher */; };
		4AC9A0302C72DDD100EB5FFC /* CustomNavigationBarController.swift in Sources */ = {isa = PBXBuildFile; fileRef = 4AC9A02F2C72DDD100EB5FFC /* CustomNavigationBarController.swift */; };
		4AC9A0322C72DE0C00EB5FFC /* CustomTabBarController.swift in Sources */ = {isa = PBXBuildFile; fileRef = 4AC9A0312C72DE0C00EB5FFC /* CustomTabBarController.swift */; };
		4AC9A0392C72E96700EB5FFC /* NotificationViewController.swift in Sources */ = {isa = PBXBuildFile; fileRef = 4AC9A0382C72E96700EB5FFC /* NotificationViewController.swift */; };
		4AC9A03F2C731E2200EB5FFC /* CustomNavigationBarViewModel.swift in Sources */ = {isa = PBXBuildFile; fileRef = 4AC9A03E2C731E2200EB5FFC /* CustomNavigationBarViewModel.swift */; };
		4AD29AA22C64A03F00A9BEDD /* SnapComparisonViewController.swift in Sources */ = {isa = PBXBuildFile; fileRef = 4AD29AA12C64A03F00A9BEDD /* SnapComparisonViewController.swift */; };
		4AD29AA42C65051B00A9BEDD /* SnapComparisonViewModel.swift in Sources */ = {isa = PBXBuildFile; fileRef = 4AD29AA32C65051B00A9BEDD /* SnapComparisonViewModel.swift */; };
		4AD29AA62C650A5A00A9BEDD /* SnapComparisonCollectionViewCell.swift in Sources */ = {isa = PBXBuildFile; fileRef = 4AD29AA52C650A5A00A9BEDD /* SnapComparisonCollectionViewCell.swift */; };
		4AD29AA82C6512E800A9BEDD /* HorizontalSnapPhotoCollectionViewCell.swift in Sources */ = {isa = PBXBuildFile; fileRef = 4AD29AA72C6512E800A9BEDD /* HorizontalSnapPhotoCollectionViewCell.swift */; };
		4AD29AAC2C65F2B700A9BEDD /* SnapComparisonSheetViewController.swift in Sources */ = {isa = PBXBuildFile; fileRef = 4AD29AAB2C65F2B700A9BEDD /* SnapComparisonSheetViewController.swift */; };
		4AD29AD32C699DF200A9BEDD /* SnapPhotoViewController.swift in Sources */ = {isa = PBXBuildFile; fileRef = 4AD29AD22C699DF200A9BEDD /* SnapPhotoViewController.swift */; };
		4AD29AD52C6AE1F200A9BEDD /* UIView+Extensions.swift in Sources */ = {isa = PBXBuildFile; fileRef = 4AD29AD42C6AE1F200A9BEDD /* UIView+Extensions.swift */; };
		4AD29AD82C6B35BE00A9BEDD /* Color+Extensions.swift in Sources */ = {isa = PBXBuildFile; fileRef = 4AD29AD72C6B35BE00A9BEDD /* Color+Extensions.swift */; };
		4AF17D802C73298800C1E5A2 /* CategorySettingsViewController.swift in Sources */ = {isa = PBXBuildFile; fileRef = 4AF17D7F2C73298800C1E5A2 /* CategorySettingsViewController.swift */; };
		8F1685302C6354590010F8D8 /* AppDelegate.swift in Sources */ = {isa = PBXBuildFile; fileRef = 8F16852F2C6354590010F8D8 /* AppDelegate.swift */; };
		8F1685322C6354590010F8D8 /* SceneDelegate.swift in Sources */ = {isa = PBXBuildFile; fileRef = 8F1685312C6354590010F8D8 /* SceneDelegate.swift */; };
		8F1685392C63545A0010F8D8 /* Assets.xcassets in Resources */ = {isa = PBXBuildFile; fileRef = 8F1685382C63545A0010F8D8 /* Assets.xcassets */; };
		8F16853C2C63545A0010F8D8 /* Base in Resources */ = {isa = PBXBuildFile; fileRef = 8F16853B2C63545A0010F8D8 /* Base */; };
		8F1685492C6360180010F8D8 /* FirebaseAuth in Frameworks */ = {isa = PBXBuildFile; productRef = 8F1685482C6360180010F8D8 /* FirebaseAuth */; };
		8F16854B2C6360180010F8D8 /* FirebaseFirestore in Frameworks */ = {isa = PBXBuildFile; productRef = 8F16854A2C6360180010F8D8 /* FirebaseFirestore */; };
		8F16854D2C6360180010F8D8 /* FirebaseStorage in Frameworks */ = {isa = PBXBuildFile; productRef = 8F16854C2C6360180010F8D8 /* FirebaseStorage */; };
		8F1685532C6599A20010F8D8 /* CalendarViewController.swift in Sources */ = {isa = PBXBuildFile; fileRef = 8F1685522C6599A20010F8D8 /* CalendarViewController.swift */; };
		8F4C73C22C6B1E71000AACDA /* svenmodels.swift in Sources */ = {isa = PBXBuildFile; fileRef = 8F4C73C12C6B1E71000AACDA /* svenmodels.swift */; };
		8F5EE7EC2C6C798C007AF73B /* isDonePercentageChartViewController.swift in Sources */ = {isa = PBXBuildFile; fileRef = 8F5EE7EB2C6C798C007AF73B /* isDonePercentageChartViewController.swift */; };
		8FA215912C731E0500891F93 /* TodoTableViewCell.swift in Sources */ = {isa = PBXBuildFile; fileRef = 8FA215902C731E0500891F93 /* TodoTableViewCell.swift */; };
		8FA215942C745B4300891F93 /* CostChartViewController.swift in Sources */ = {isa = PBXBuildFile; fileRef = 8FA215932C745B4300891F93 /* CostChartViewController.swift */; };
		B8339E042C76C7350021A57D /* AddManagementViewController.swift in Sources */ = {isa = PBXBuildFile; fileRef = B8339E002C76C7350021A57D /* AddManagementViewController.swift */; };
		B8339E052C76C7350021A57D /* CustomAddTableViewCell.swift in Sources */ = {isa = PBXBuildFile; fileRef = B8339E012C76C7350021A57D /* CustomAddTableViewCell.swift */; };
		B8339E0B2C76C7E80021A57D /* AddManagementViewmodel.swift in Sources */ = {isa = PBXBuildFile; fileRef = B8339E092C76C7E80021A57D /* AddManagementViewmodel.swift */; };
		B8DFF4C92C785BEA0045CC43 /* DetailCostViewModel.swift in Sources */ = {isa = PBXBuildFile; fileRef = B8DFF4C82C785BEA0045CC43 /* DetailCostViewModel.swift */; };
		C246CE5A2C74EF7D00A631BE /* AccountInfoTableViewCell.swift in Sources */ = {isa = PBXBuildFile; fileRef = C246CE562C74EF7D00A631BE /* AccountInfoTableViewCell.swift */; };
		C246CE5B2C74EF7D00A631BE /* AppLockSettingTableViewCell.swift in Sources */ = {isa = PBXBuildFile; fileRef = C246CE572C74EF7D00A631BE /* AppLockSettingTableViewCell.swift */; };
		C246CE5C2C74EF7D00A631BE /* SettingTableViewCell.swift in Sources */ = {isa = PBXBuildFile; fileRef = C246CE582C74EF7D00A631BE /* SettingTableViewCell.swift */; };
		C246CE602C74EF8200A631BE /* LegalType.swift in Sources */ = {isa = PBXBuildFile; fileRef = C246CE5D2C74EF8200A631BE /* LegalType.swift */; };
		C246CE612C74EF8200A631BE /* LegalViewController.swift in Sources */ = {isa = PBXBuildFile; fileRef = C246CE5E2C74EF8200A631BE /* LegalViewController.swift */; };
		C246CE622C74EF8200A631BE /* SettingViewController.swift in Sources */ = {isa = PBXBuildFile; fileRef = C246CE5F2C74EF8200A631BE /* SettingViewController.swift */; };
		C24BFA552C647BA600A5B40A /* .swiftlint.yml in Resources */ = {isa = PBXBuildFile; fileRef = C24BFA542C647BA600A5B40A /* .swiftlint.yml */; };
		C24BFA632C649CBA00A5B40A /* SignInViewController.swift in Sources */ = {isa = PBXBuildFile; fileRef = C24BFA622C649CBA00A5B40A /* SignInViewController.swift */; };
		C24BFA672C649CF700A5B40A /* AuthViewModel.swift in Sources */ = {isa = PBXBuildFile; fileRef = C24BFA662C649CF700A5B40A /* AuthViewModel.swift */; };
		C24BFA6A2C649E4300A5B40A /* GoogleSignIn in Frameworks */ = {isa = PBXBuildFile; productRef = C24BFA692C649E4300A5B40A /* GoogleSignIn */; };
		C24BFA6C2C649E4300A5B40A /* GoogleSignInSwift in Frameworks */ = {isa = PBXBuildFile; productRef = C24BFA6B2C649E4300A5B40A /* GoogleSignInSwift */; };
		C24E0AFC2C762ECF00CCC055 /* GoogleService-Info.plist in Resources */ = {isa = PBXBuildFile; fileRef = C24E0AFB2C762ECF00CCC055 /* GoogleService-Info.plist */; };
		C2599B382C699B05004EF6E7 /* LocalAuthenticationViewModel.swift in Sources */ = {isa = PBXBuildFile; fileRef = C2599B372C699B05004EF6E7 /* LocalAuthenticationViewModel.swift */; };
		C259C8142C784610004F569A /* UIImageView+Extensions.swift in Sources */ = {isa = PBXBuildFile; fileRef = C259C8132C784610004F569A /* UIImageView+Extensions.swift */; };
		C259C81B2C787B89004F569A /* NotificationManager.swift in Sources */ = {isa = PBXBuildFile; fileRef = C259C81A2C787B89004F569A /* NotificationManager.swift */; };
		C2734C3B2C69F1D200E45294 /* CategoryService.swift in Sources */ = {isa = PBXBuildFile; fileRef = C2734C3A2C69F1D200E45294 /* CategoryService.swift */; };
		C2D4015B2C73788D000E0343 /* DetailCostViewController.swift in Sources */ = {isa = PBXBuildFile; fileRef = C2D4015A2C73788D000E0343 /* DetailCostViewController.swift */; };
		C2D401602C73853B000E0343 /* CustomTableViewCell.swift in Sources */ = {isa = PBXBuildFile; fileRef = C2D4015F2C73853B000E0343 /* CustomTableViewCell.swift */; };
		C2F416472C6B397800A2F544 /* SnapService.swift in Sources */ = {isa = PBXBuildFile; fileRef = C2F416462C6B397800A2F544 /* SnapService.swift */; };
		C2F8B19F2C6A4FD900D73071 /* ManagementService.swift in Sources */ = {isa = PBXBuildFile; fileRef = C2F8B19E2C6A4FD900D73071 /* ManagementService.swift */; };
		EA141F9C2C69F60800DD4B29 /* SnapCollectionViewCell.swift in Sources */ = {isa = PBXBuildFile; fileRef = EA141F9B2C69F60800DD4B29 /* SnapCollectionViewCell.swift */; };
		EA141F9E2C6AEAB200DD4B29 /* ChecklistTableViewCell.swift in Sources */ = {isa = PBXBuildFile; fileRef = EA141F9D2C6AEAB200DD4B29 /* ChecklistTableViewCell.swift */; };
		EA141FA02C6AFC8400DD4B29 /* ChecklistTableViewController.swift in Sources */ = {isa = PBXBuildFile; fileRef = EA141F9F2C6AFC8400DD4B29 /* ChecklistTableViewController.swift */; };
		EA49D3722C74EAC70002F243 /* CropViewController.swift in Sources */ = {isa = PBXBuildFile; fileRef = EA664E532C7455F80034B998 /* CropViewController.swift */; };
		EA50475B2C64A1390033D807 /* HomeViewController.swift in Sources */ = {isa = PBXBuildFile; fileRef = EA50475A2C64A1390033D807 /* HomeViewController.swift */; };
		EA5047612C6500870033D807 /* HomeViewModel.swift in Sources */ = {isa = PBXBuildFile; fileRef = EA5047602C6500870033D807 /* HomeViewModel.swift */; };
		EA57EB482C72CAAC007F8987 /* Category.swift in Sources */ = {isa = PBXBuildFile; fileRef = EA57EB472C72CAAC007F8987 /* Category.swift */; };
		EA57EB4A2C72CAD2007F8987 /* Management.swift in Sources */ = {isa = PBXBuildFile; fileRef = EA57EB492C72CAD2007F8987 /* Management.swift */; };
		EA57EB4C2C72CAEC007F8987 /* Snap.swift in Sources */ = {isa = PBXBuildFile; fileRef = EA57EB4B2C72CAEC007F8987 /* Snap.swift */; };
		EA664E4E2C73914B0034B998 /* CustomCropToolbar.swift in Sources */ = {isa = PBXBuildFile; fileRef = EA664E4D2C73914B0034B998 /* CustomCropToolbar.swift */; };
		EAE34EB32C776E6700BEFF3A /* CustomDatePickerViewController.swift in Sources */ = {isa = PBXBuildFile; fileRef = EAE34EB22C776E6700BEFF3A /* CustomDatePickerViewController.swift */; };
/* End PBXBuildFile section */

/* Begin PBXFileReference section */
		4A20F6462C6C32B600F263FF /* SnapComparisonSheetViewModel.swift */ = {isa = PBXFileReference; lastKnownFileType = sourcecode.swift; path = SnapComparisonSheetViewModel.swift; sourceTree = "<group>"; };
		4A20F6482C6C32E900F263FF /* SnapComparisonCellViewModel.swift */ = {isa = PBXFileReference; lastKnownFileType = sourcecode.swift; path = SnapComparisonCellViewModel.swift; sourceTree = "<group>"; };
		4A82A7E82C7392D500E27228 /* CategorySettingsTableViewCell.swift */ = {isa = PBXFileReference; lastKnownFileType = sourcecode.swift; path = CategorySettingsTableViewCell.swift; sourceTree = "<group>"; };
		4AC9A02F2C72DDD100EB5FFC /* CustomNavigationBarController.swift */ = {isa = PBXFileReference; lastKnownFileType = sourcecode.swift; path = CustomNavigationBarController.swift; sourceTree = "<group>"; };
		4AC9A0312C72DE0C00EB5FFC /* CustomTabBarController.swift */ = {isa = PBXFileReference; lastKnownFileType = sourcecode.swift; path = CustomTabBarController.swift; sourceTree = "<group>"; };
		4AC9A0382C72E96700EB5FFC /* NotificationViewController.swift */ = {isa = PBXFileReference; lastKnownFileType = sourcecode.swift; path = NotificationViewController.swift; sourceTree = "<group>"; };
		4AC9A03E2C731E2200EB5FFC /* CustomNavigationBarViewModel.swift */ = {isa = PBXFileReference; lastKnownFileType = sourcecode.swift; path = CustomNavigationBarViewModel.swift; sourceTree = "<group>"; };
		4AD29AA12C64A03F00A9BEDD /* SnapComparisonViewController.swift */ = {isa = PBXFileReference; lastKnownFileType = sourcecode.swift; path = SnapComparisonViewController.swift; sourceTree = "<group>"; };
		4AD29AA32C65051B00A9BEDD /* SnapComparisonViewModel.swift */ = {isa = PBXFileReference; lastKnownFileType = sourcecode.swift; path = SnapComparisonViewModel.swift; sourceTree = "<group>"; };
		4AD29AA52C650A5A00A9BEDD /* SnapComparisonCollectionViewCell.swift */ = {isa = PBXFileReference; lastKnownFileType = sourcecode.swift; path = SnapComparisonCollectionViewCell.swift; sourceTree = "<group>"; };
		4AD29AA72C6512E800A9BEDD /* HorizontalSnapPhotoCollectionViewCell.swift */ = {isa = PBXFileReference; lastKnownFileType = sourcecode.swift; path = HorizontalSnapPhotoCollectionViewCell.swift; sourceTree = "<group>"; };
		4AD29AAB2C65F2B700A9BEDD /* SnapComparisonSheetViewController.swift */ = {isa = PBXFileReference; lastKnownFileType = sourcecode.swift; path = SnapComparisonSheetViewController.swift; sourceTree = "<group>"; };
		4AD29AD22C699DF200A9BEDD /* SnapPhotoViewController.swift */ = {isa = PBXFileReference; lastKnownFileType = sourcecode.swift; path = SnapPhotoViewController.swift; sourceTree = "<group>"; };
		4AD29AD42C6AE1F200A9BEDD /* UIView+Extensions.swift */ = {isa = PBXFileReference; lastKnownFileType = sourcecode.swift; path = "UIView+Extensions.swift"; sourceTree = "<group>"; };
		4AD29AD72C6B35BE00A9BEDD /* Color+Extensions.swift */ = {isa = PBXFileReference; lastKnownFileType = sourcecode.swift; path = "Color+Extensions.swift"; sourceTree = "<group>"; };
		4AF17D7F2C73298800C1E5A2 /* CategorySettingsViewController.swift */ = {isa = PBXFileReference; lastKnownFileType = sourcecode.swift; path = CategorySettingsViewController.swift; sourceTree = "<group>"; };
		8F16852C2C6354590010F8D8 /* SnapPop.app */ = {isa = PBXFileReference; explicitFileType = wrapper.application; includeInIndex = 0; path = SnapPop.app; sourceTree = BUILT_PRODUCTS_DIR; };
		8F16852F2C6354590010F8D8 /* AppDelegate.swift */ = {isa = PBXFileReference; lastKnownFileType = sourcecode.swift; path = AppDelegate.swift; sourceTree = "<group>"; };
		8F1685312C6354590010F8D8 /* SceneDelegate.swift */ = {isa = PBXFileReference; lastKnownFileType = sourcecode.swift; path = SceneDelegate.swift; sourceTree = "<group>"; };
		8F1685382C63545A0010F8D8 /* Assets.xcassets */ = {isa = PBXFileReference; lastKnownFileType = folder.assetcatalog; path = Assets.xcassets; sourceTree = "<group>"; };
		8F16853B2C63545A0010F8D8 /* Base */ = {isa = PBXFileReference; lastKnownFileType = file.storyboard; name = Base; path = Base.lproj/LaunchScreen.storyboard; sourceTree = "<group>"; };
		8F16853D2C63545A0010F8D8 /* Info.plist */ = {isa = PBXFileReference; lastKnownFileType = text.plist.xml; path = Info.plist; sourceTree = "<group>"; };
		8F1685522C6599A20010F8D8 /* CalendarViewController.swift */ = {isa = PBXFileReference; lastKnownFileType = sourcecode.swift; path = CalendarViewController.swift; sourceTree = "<group>"; };
		8F4C73C12C6B1E71000AACDA /* svenmodels.swift */ = {isa = PBXFileReference; lastKnownFileType = sourcecode.swift; path = svenmodels.swift; sourceTree = "<group>"; };
		8F5EE7EB2C6C798C007AF73B /* isDonePercentageChartViewController.swift */ = {isa = PBXFileReference; lastKnownFileType = sourcecode.swift; path = isDonePercentageChartViewController.swift; sourceTree = "<group>"; };
		8FA215902C731E0500891F93 /* TodoTableViewCell.swift */ = {isa = PBXFileReference; lastKnownFileType = sourcecode.swift; path = TodoTableViewCell.swift; sourceTree = "<group>"; };
		8FA215932C745B4300891F93 /* CostChartViewController.swift */ = {isa = PBXFileReference; lastKnownFileType = sourcecode.swift; path = CostChartViewController.swift; sourceTree = "<group>"; };
		B8339E002C76C7350021A57D /* AddManagementViewController.swift */ = {isa = PBXFileReference; fileEncoding = 4; lastKnownFileType = sourcecode.swift; path = AddManagementViewController.swift; sourceTree = "<group>"; };
		B8339E012C76C7350021A57D /* CustomAddTableViewCell.swift */ = {isa = PBXFileReference; fileEncoding = 4; lastKnownFileType = sourcecode.swift; path = CustomAddTableViewCell.swift; sourceTree = "<group>"; };
		B8339E092C76C7E80021A57D /* AddManagementViewmodel.swift */ = {isa = PBXFileReference; fileEncoding = 4; lastKnownFileType = sourcecode.swift; path = AddManagementViewmodel.swift; sourceTree = "<group>"; };
		B8DFF4C82C785BEA0045CC43 /* DetailCostViewModel.swift */ = {isa = PBXFileReference; lastKnownFileType = sourcecode.swift; path = DetailCostViewModel.swift; sourceTree = "<group>"; };
		C246CE562C74EF7D00A631BE /* AccountInfoTableViewCell.swift */ = {isa = PBXFileReference; fileEncoding = 4; lastKnownFileType = sourcecode.swift; path = AccountInfoTableViewCell.swift; sourceTree = "<group>"; };
		C246CE572C74EF7D00A631BE /* AppLockSettingTableViewCell.swift */ = {isa = PBXFileReference; fileEncoding = 4; lastKnownFileType = sourcecode.swift; path = AppLockSettingTableViewCell.swift; sourceTree = "<group>"; };
		C246CE582C74EF7D00A631BE /* SettingTableViewCell.swift */ = {isa = PBXFileReference; fileEncoding = 4; lastKnownFileType = sourcecode.swift; path = SettingTableViewCell.swift; sourceTree = "<group>"; };
		C246CE5D2C74EF8200A631BE /* LegalType.swift */ = {isa = PBXFileReference; fileEncoding = 4; lastKnownFileType = sourcecode.swift; path = LegalType.swift; sourceTree = "<group>"; };
		C246CE5E2C74EF8200A631BE /* LegalViewController.swift */ = {isa = PBXFileReference; fileEncoding = 4; lastKnownFileType = sourcecode.swift; path = LegalViewController.swift; sourceTree = "<group>"; };
		C246CE5F2C74EF8200A631BE /* SettingViewController.swift */ = {isa = PBXFileReference; fileEncoding = 4; lastKnownFileType = sourcecode.swift; path = SettingViewController.swift; sourceTree = "<group>"; };
		C24BFA542C647BA600A5B40A /* .swiftlint.yml */ = {isa = PBXFileReference; lastKnownFileType = text.yaml; path = .swiftlint.yml; sourceTree = "<group>"; };
		C24BFA622C649CBA00A5B40A /* SignInViewController.swift */ = {isa = PBXFileReference; lastKnownFileType = sourcecode.swift; path = SignInViewController.swift; sourceTree = "<group>"; };
		C24BFA662C649CF700A5B40A /* AuthViewModel.swift */ = {isa = PBXFileReference; lastKnownFileType = sourcecode.swift; path = AuthViewModel.swift; sourceTree = "<group>"; };
		C24BFA722C64B01400A5B40A /* SnapPop.entitlements */ = {isa = PBXFileReference; lastKnownFileType = text.plist.entitlements; path = SnapPop.entitlements; sourceTree = "<group>"; };
		C24E0AFA2C762EB800CCC055 /* Config.xcconfig */ = {isa = PBXFileReference; lastKnownFileType = text.xcconfig; path = Config.xcconfig; sourceTree = "<group>"; };
		C24E0AFB2C762ECF00CCC055 /* GoogleService-Info.plist */ = {isa = PBXFileReference; fileEncoding = 4; lastKnownFileType = text.plist.xml; path = "GoogleService-Info.plist"; sourceTree = "<group>"; };
		C2599B372C699B05004EF6E7 /* LocalAuthenticationViewModel.swift */ = {isa = PBXFileReference; lastKnownFileType = sourcecode.swift; path = LocalAuthenticationViewModel.swift; sourceTree = "<group>"; };
		C259C8132C784610004F569A /* UIImageView+Extensions.swift */ = {isa = PBXFileReference; lastKnownFileType = sourcecode.swift; path = "UIImageView+Extensions.swift"; sourceTree = "<group>"; };
		C259C81A2C787B89004F569A /* NotificationManager.swift */ = {isa = PBXFileReference; lastKnownFileType = sourcecode.swift; path = NotificationManager.swift; sourceTree = "<group>"; };
		C2734C3A2C69F1D200E45294 /* CategoryService.swift */ = {isa = PBXFileReference; lastKnownFileType = sourcecode.swift; path = CategoryService.swift; sourceTree = "<group>"; };
		C2D4015A2C73788D000E0343 /* DetailCostViewController.swift */ = {isa = PBXFileReference; lastKnownFileType = sourcecode.swift; path = DetailCostViewController.swift; sourceTree = "<group>"; };
		C2D4015F2C73853B000E0343 /* CustomTableViewCell.swift */ = {isa = PBXFileReference; lastKnownFileType = sourcecode.swift; path = CustomTableViewCell.swift; sourceTree = "<group>"; };
		C2F416462C6B397800A2F544 /* SnapService.swift */ = {isa = PBXFileReference; lastKnownFileType = sourcecode.swift; path = SnapService.swift; sourceTree = "<group>"; };
		C2F8B19E2C6A4FD900D73071 /* ManagementService.swift */ = {isa = PBXFileReference; lastKnownFileType = sourcecode.swift; path = ManagementService.swift; sourceTree = "<group>"; };
		EA141F9B2C69F60800DD4B29 /* SnapCollectionViewCell.swift */ = {isa = PBXFileReference; lastKnownFileType = sourcecode.swift; path = SnapCollectionViewCell.swift; sourceTree = "<group>"; };
		EA141F9D2C6AEAB200DD4B29 /* ChecklistTableViewCell.swift */ = {isa = PBXFileReference; lastKnownFileType = sourcecode.swift; path = ChecklistTableViewCell.swift; sourceTree = "<group>"; };
		EA141F9F2C6AFC8400DD4B29 /* ChecklistTableViewController.swift */ = {isa = PBXFileReference; lastKnownFileType = sourcecode.swift; path = ChecklistTableViewController.swift; sourceTree = "<group>"; };
		EA50475A2C64A1390033D807 /* HomeViewController.swift */ = {isa = PBXFileReference; lastKnownFileType = sourcecode.swift; path = HomeViewController.swift; sourceTree = "<group>"; };
		EA5047602C6500870033D807 /* HomeViewModel.swift */ = {isa = PBXFileReference; lastKnownFileType = sourcecode.swift; path = HomeViewModel.swift; sourceTree = "<group>"; };
		EA57EB472C72CAAC007F8987 /* Category.swift */ = {isa = PBXFileReference; lastKnownFileType = sourcecode.swift; path = Category.swift; sourceTree = "<group>"; };
		EA57EB492C72CAD2007F8987 /* Management.swift */ = {isa = PBXFileReference; lastKnownFileType = sourcecode.swift; path = Management.swift; sourceTree = "<group>"; };
		EA57EB4B2C72CAEC007F8987 /* Snap.swift */ = {isa = PBXFileReference; lastKnownFileType = sourcecode.swift; path = Snap.swift; sourceTree = "<group>"; };
		EA664E4D2C73914B0034B998 /* CustomCropToolbar.swift */ = {isa = PBXFileReference; lastKnownFileType = sourcecode.swift; path = CustomCropToolbar.swift; sourceTree = "<group>"; };
		EA664E532C7455F80034B998 /* CropViewController.swift */ = {isa = PBXFileReference; lastKnownFileType = sourcecode.swift; path = CropViewController.swift; sourceTree = "<group>"; };
		EAE34EB22C776E6700BEFF3A /* CustomDatePickerViewController.swift */ = {isa = PBXFileReference; lastKnownFileType = sourcecode.swift; path = CustomDatePickerViewController.swift; sourceTree = "<group>"; };
/* End PBXFileReference section */

/* Begin PBXFrameworksBuildPhase section */
		8F1685292C6354590010F8D8 /* Frameworks */ = {
			isa = PBXFrameworksBuildPhase;
			buildActionMask = 2147483647;
			files = (
				4AC605B42C78769D00D3AF19 /* Kingfisher in Frameworks */,
				C24BFA6C2C649E4300A5B40A /* GoogleSignInSwift in Frameworks */,
				8F1685492C6360180010F8D8 /* FirebaseAuth in Frameworks */,
				C24BFA6A2C649E4300A5B40A /* GoogleSignIn in Frameworks */,
				8F16854B2C6360180010F8D8 /* FirebaseFirestore in Frameworks */,
				8F16854D2C6360180010F8D8 /* FirebaseStorage in Frameworks */,
			);
			runOnlyForDeploymentPostprocessing = 0;
		};
/* End PBXFrameworksBuildPhase section */

/* Begin PBXGroup section */
		4A20F6452C6B3D4000F263FF /* SnapComparison */ = {
			isa = PBXGroup;
			children = (
				4AD29AA32C65051B00A9BEDD /* SnapComparisonViewModel.swift */,
				4A20F6482C6C32E900F263FF /* SnapComparisonCellViewModel.swift */,
				4A20F6462C6C32B600F263FF /* SnapComparisonSheetViewModel.swift */,
			);
			path = SnapComparison;
			sourceTree = "<group>";
		};
		4A82A7E72C7392AE00E27228 /* Cell */ = {
			isa = PBXGroup;
			children = (
				4A82A7E82C7392D500E27228 /* CategorySettingsTableViewCell.swift */,
			);
			path = Cell;
			sourceTree = "<group>";
		};
		4AC9A00F2C6DBE6500EB5FFC /* Cells */ = {
			isa = PBXGroup;
			children = (
				4AD29AA52C650A5A00A9BEDD /* SnapComparisonCollectionViewCell.swift */,
				4AD29AA72C6512E800A9BEDD /* HorizontalSnapPhotoCollectionViewCell.swift */,
			);
			path = Cells;
			sourceTree = "<group>";
		};
		4AC9A02E2C72DD9B00EB5FFC /* Root */ = {
			isa = PBXGroup;
			children = (
				4A82A7E72C7392AE00E27228 /* Cell */,
				4AC9A02F2C72DDD100EB5FFC /* CustomNavigationBarController.swift */,
				4AC9A0312C72DE0C00EB5FFC /* CustomTabBarController.swift */,
				4AF17D7F2C73298800C1E5A2 /* CategorySettingsViewController.swift */,
			);
			path = Root;
			sourceTree = "<group>";
		};
		4AC9A0372C72E93000EB5FFC /* Notification */ = {
			isa = PBXGroup;
			children = (
				4AC9A0382C72E96700EB5FFC /* NotificationViewController.swift */,
			);
			path = Notification;
			sourceTree = "<group>";
		};
		4AC9A03D2C731E1200EB5FFC /* Root */ = {
			isa = PBXGroup;
			children = (
				4AC9A03E2C731E2200EB5FFC /* CustomNavigationBarViewModel.swift */,
			);
			path = Root;
			sourceTree = "<group>";
		};
		4AD29AD62C6AE33000A9BEDD /* SnapComparison */ = {
			isa = PBXGroup;
			children = (
				4AD29AA12C64A03F00A9BEDD /* SnapComparisonViewController.swift */,
				4AD29AAB2C65F2B700A9BEDD /* SnapComparisonSheetViewController.swift */,
				4AD29AD22C699DF200A9BEDD /* SnapPhotoViewController.swift */,
				4AC9A00F2C6DBE6500EB5FFC /* Cells */,
			);
			path = SnapComparison;
			sourceTree = "<group>";
		};
		8F1685232C6354590010F8D8 = {
			isa = PBXGroup;
			children = (
				C24E0AFA2C762EB800CCC055 /* Config.xcconfig */,
				C24BFA542C647BA600A5B40A /* .swiftlint.yml */,
				8F16852E2C6354590010F8D8 /* SnapPop */,
				8F16852D2C6354590010F8D8 /* Products */,
			);
			sourceTree = "<group>";
		};
		8F16852D2C6354590010F8D8 /* Products */ = {
			isa = PBXGroup;
			children = (
				8F16852C2C6354590010F8D8 /* SnapPop.app */,
			);
			name = Products;
			sourceTree = "<group>";
		};
		8F16852E2C6354590010F8D8 /* SnapPop */ = {
			isa = PBXGroup;
			children = (
				C24BFA722C64B01400A5B40A /* SnapPop.entitlements */,
				C24BFA572C647E7800A5B40A /* Application */,
				C24BFA5C2C64809C00A5B40A /* Common */,
				C24BFA5D2C64817300A5B40A /* FirebaseManager */,
				C24BFA592C647EB600A5B40A /* Models */,
				C24BFA5A2C647EBA00A5B40A /* Views */,
				C24BFA5B2C64801100A5B40A /* ViewModels */,
				C24BFA582C647E9800A5B40A /* Resources */,
				8F16853D2C63545A0010F8D8 /* Info.plist */,
				C24E0AFB2C762ECF00CCC055 /* GoogleService-Info.plist */,
			);
			path = SnapPop;
			sourceTree = "<group>";
		};
		8F4C73C02C6AFA71000AACDA /* Calendar */ = {
			isa = PBXGroup;
			children = (
				8F1685522C6599A20010F8D8 /* CalendarViewController.swift */,
				8F5EE7EB2C6C798C007AF73B /* isDonePercentageChartViewController.swift */,
				8FA215902C731E0500891F93 /* TodoTableViewCell.swift */,
				8FA215932C745B4300891F93 /* CostChartViewController.swift */,
			);
			path = Calendar;
			sourceTree = "<group>";
		};
		B8339E032C76C7350021A57D /* Management */ = {
			isa = PBXGroup;
			children = (
				B8339E002C76C7350021A57D /* AddManagementViewController.swift */,
				B8339E012C76C7350021A57D /* CustomAddTableViewCell.swift */,
			);
			path = Management;
			sourceTree = "<group>";
		};
		B8339E0A2C76C7E80021A57D /* Management */ = {
			isa = PBXGroup;
			children = (
				B8339E092C76C7E80021A57D /* AddManagementViewmodel.swift */,
			);
			path = Management;
			sourceTree = "<group>";
		};
		C2008C282C7461EB005FC906 /* DetailCost */ = {
			isa = PBXGroup;
			children = (
				B8DFF4C82C785BEA0045CC43 /* DetailCostViewModel.swift */,
			);
			path = DetailCost;
			sourceTree = "<group>";
		};
		C246CE592C74EF7D00A631BE /* Cells */ = {
			isa = PBXGroup;
			children = (
				C246CE562C74EF7D00A631BE /* AccountInfoTableViewCell.swift */,
				C246CE572C74EF7D00A631BE /* AppLockSettingTableViewCell.swift */,
				C246CE582C74EF7D00A631BE /* SettingTableViewCell.swift */,
			);
			path = Cells;
			sourceTree = "<group>";
		};
		C24BFA572C647E7800A5B40A /* Application */ = {
			isa = PBXGroup;
			children = (
				8F16852F2C6354590010F8D8 /* AppDelegate.swift */,
				8F1685312C6354590010F8D8 /* SceneDelegate.swift */,
			);
			path = Application;
			sourceTree = "<group>";
		};
		C24BFA582C647E9800A5B40A /* Resources */ = {
			isa = PBXGroup;
			children = (
				8F1685382C63545A0010F8D8 /* Assets.xcassets */,
				8F16853A2C63545A0010F8D8 /* LaunchScreen.storyboard */,
			);
			path = Resources;
			sourceTree = "<group>";
		};
		C24BFA592C647EB600A5B40A /* Models */ = {
			isa = PBXGroup;
			children = (
				8F4C73C12C6B1E71000AACDA /* svenmodels.swift */,
				EA57EB472C72CAAC007F8987 /* Category.swift */,
				EA57EB492C72CAD2007F8987 /* Management.swift */,
				EA57EB4B2C72CAEC007F8987 /* Snap.swift */,
			);
			path = Models;
			sourceTree = "<group>";
		};
		C24BFA5A2C647EBA00A5B40A /* Views */ = {
			isa = PBXGroup;
			children = (
				B8339E032C76C7350021A57D /* Management */,
				8F4C73C02C6AFA71000AACDA /* Calendar */,
				C2D401592C73787B000E0343 /* DetailCost */,
				4AC9A0372C72E93000EB5FFC /* Notification */,
				4AC9A02E2C72DD9B00EB5FFC /* Root */,
				EA141FA32C6B31C600DD4B29 /* Home */,
				C25F38292C65B24F00EF9A2E /* Setting */,
				C24BFA602C649C8100A5B40A /* Auth */,
				4AD29AD62C6AE33000A9BEDD /* SnapComparison */,
			);
			path = Views;
			sourceTree = "<group>";
		};
		C24BFA5B2C64801100A5B40A /* ViewModels */ = {
			isa = PBXGroup;
			children = (
				B8339E0A2C76C7E80021A57D /* Management */,
				C2008C282C7461EB005FC906 /* DetailCost */,
				4AC9A03D2C731E1200EB5FFC /* Root */,
				EA141FA42C6B31DE00DD4B29 /* Home */,
				C2599B362C699AC5004EF6E7 /* Setting */,
				C24BFA612C649CA700A5B40A /* Auth */,
				4A20F6452C6B3D4000F263FF /* SnapComparison */,
			);
			path = ViewModels;
			sourceTree = "<group>";
		};
		C24BFA5C2C64809C00A5B40A /* Common */ = {
			isa = PBXGroup;
			children = (
				4AD29AD42C6AE1F200A9BEDD /* UIView+Extensions.swift */,
				4AD29AD72C6B35BE00A9BEDD /* Color+Extensions.swift */,
				C259C8132C784610004F569A /* UIImageView+Extensions.swift */,
				C259C81A2C787B89004F569A /* NotificationManager.swift */,
			);
			path = Common;
			sourceTree = "<group>";
		};
		C24BFA5D2C64817300A5B40A /* FirebaseManager */ = {
			isa = PBXGroup;
			children = (
				C2734C3A2C69F1D200E45294 /* CategoryService.swift */,
				C2F8B19E2C6A4FD900D73071 /* ManagementService.swift */,
				C2F416462C6B397800A2F544 /* SnapService.swift */,
			);
			path = FirebaseManager;
			sourceTree = "<group>";
		};
		C24BFA602C649C8100A5B40A /* Auth */ = {
			isa = PBXGroup;
			children = (
				C24BFA622C649CBA00A5B40A /* SignInViewController.swift */,
			);
			path = Auth;
			sourceTree = "<group>";
		};
		C24BFA612C649CA700A5B40A /* Auth */ = {
			isa = PBXGroup;
			children = (
				C24BFA662C649CF700A5B40A /* AuthViewModel.swift */,
			);
			path = Auth;
			sourceTree = "<group>";
		};
		C2599B362C699AC5004EF6E7 /* Setting */ = {
			isa = PBXGroup;
			children = (
				C2599B372C699B05004EF6E7 /* LocalAuthenticationViewModel.swift */,
			);
			path = Setting;
			sourceTree = "<group>";
		};
		C25F38292C65B24F00EF9A2E /* Setting */ = {
			isa = PBXGroup;
			children = (
				C246CE5F2C74EF8200A631BE /* SettingViewController.swift */,
				C246CE5E2C74EF8200A631BE /* LegalViewController.swift */,
				C246CE5D2C74EF8200A631BE /* LegalType.swift */,
				C246CE592C74EF7D00A631BE /* Cells */,
			);
			path = Setting;
			sourceTree = "<group>";
		};
		C2D401592C73787B000E0343 /* DetailCost */ = {
			isa = PBXGroup;
			children = (
				C2D4015A2C73788D000E0343 /* DetailCostViewController.swift */,
				C2D4015F2C73853B000E0343 /* CustomTableViewCell.swift */,
			);
			path = DetailCost;
			sourceTree = "<group>";
		};
		EA141FA32C6B31C600DD4B29 /* Home */ = {
			isa = PBXGroup;
			children = (
				EA50475A2C64A1390033D807 /* HomeViewController.swift */,
				EA141F9B2C69F60800DD4B29 /* SnapCollectionViewCell.swift */,
				EA141F9F2C6AFC8400DD4B29 /* ChecklistTableViewController.swift */,
				EA141F9D2C6AEAB200DD4B29 /* ChecklistTableViewCell.swift */,
				EA664E532C7455F80034B998 /* CropViewController.swift */,
				EA664E4D2C73914B0034B998 /* CustomCropToolbar.swift */,
				EAE34EB22C776E6700BEFF3A /* CustomDatePickerViewController.swift */,
			);
			path = Home;
			sourceTree = "<group>";
		};
		EA141FA42C6B31DE00DD4B29 /* Home */ = {
			isa = PBXGroup;
			children = (
				EA5047602C6500870033D807 /* HomeViewModel.swift */,
			);
			path = Home;
			sourceTree = "<group>";
		};
/* End PBXGroup section */

/* Begin PBXNativeTarget section */
		8F16852B2C6354590010F8D8 /* SnapPop */ = {
			isa = PBXNativeTarget;
			buildConfigurationList = 8F1685402C63545A0010F8D8 /* Build configuration list for PBXNativeTarget "SnapPop" */;
			buildPhases = (
				8F1685282C6354590010F8D8 /* Sources */,
				8F1685292C6354590010F8D8 /* Frameworks */,
				8F16852A2C6354590010F8D8 /* Resources */,
				C24BFA532C647B7C00A5B40A /* SwiftLint Script */,
			);
			buildRules = (
			);
			dependencies = (
			);
			name = SnapPop;
			packageProductDependencies = (
				8F1685482C6360180010F8D8 /* FirebaseAuth */,
				8F16854A2C6360180010F8D8 /* FirebaseFirestore */,
				8F16854C2C6360180010F8D8 /* FirebaseStorage */,
				C24BFA692C649E4300A5B40A /* GoogleSignIn */,
				C24BFA6B2C649E4300A5B40A /* GoogleSignInSwift */,
				4AC605B32C78769D00D3AF19 /* Kingfisher */,
			);
			productName = SnapPop;
			productReference = 8F16852C2C6354590010F8D8 /* SnapPop.app */;
			productType = "com.apple.product-type.application";
		};
/* End PBXNativeTarget section */

/* Begin PBXProject section */
		8F1685242C6354590010F8D8 /* Project object */ = {
			isa = PBXProject;
			attributes = {
				BuildIndependentTargetsInParallel = 1;
				LastSwiftUpdateCheck = 1530;
				LastUpgradeCheck = 1530;
				TargetAttributes = {
					8F16852B2C6354590010F8D8 = {
						CreatedOnToolsVersion = 15.3;
					};
				};
			};
			buildConfigurationList = 8F1685272C6354590010F8D8 /* Build configuration list for PBXProject "SnapPop" */;
			compatibilityVersion = "Xcode 14.0";
			developmentRegion = en;
			hasScannedForEncodings = 0;
			knownRegions = (
				en,
				Base,
			);
			mainGroup = 8F1685232C6354590010F8D8;
			packageReferences = (
				8F1685472C6360180010F8D8 /* XCRemoteSwiftPackageReference "firebase-ios-sdk" */,
				C24BFA522C647B6900A5B40A /* XCRemoteSwiftPackageReference "SwiftLintPlugins" */,
				C24BFA682C649E4300A5B40A /* XCRemoteSwiftPackageReference "GoogleSignIn-iOS" */,
				4AC605B22C78769D00D3AF19 /* XCRemoteSwiftPackageReference "Kingfisher" */,
			);
			productRefGroup = 8F16852D2C6354590010F8D8 /* Products */;
			projectDirPath = "";
			projectRoot = "";
			targets = (
				8F16852B2C6354590010F8D8 /* SnapPop */,
			);
		};
/* End PBXProject section */

/* Begin PBXResourcesBuildPhase section */
		8F16852A2C6354590010F8D8 /* Resources */ = {
			isa = PBXResourcesBuildPhase;
			buildActionMask = 2147483647;
			files = (
				C24BFA552C647BA600A5B40A /* .swiftlint.yml in Resources */,
				C24E0AFC2C762ECF00CCC055 /* GoogleService-Info.plist in Resources */,
				8F1685392C63545A0010F8D8 /* Assets.xcassets in Resources */,
				8F16853C2C63545A0010F8D8 /* Base in Resources */,
			);
			runOnlyForDeploymentPostprocessing = 0;
		};
/* End PBXResourcesBuildPhase section */

/* Begin PBXShellScriptBuildPhase section */
		C24BFA532C647B7C00A5B40A /* SwiftLint Script */ = {
			isa = PBXShellScriptBuildPhase;
			buildActionMask = 2147483647;
			files = (
			);
			inputFileListPaths = (
			);
			inputPaths = (
			);
			name = "SwiftLint Script";
			outputFileListPaths = (
			);
			outputPaths = (
			);
			runOnlyForDeploymentPostprocessing = 0;
			shellPath = /bin/sh;
			shellScript = "# Type a script or drag a script file from your workspace to insert its path.\nSWIFT_PACKAGE_DIR=\"${BUILD_DIR%Build/*}SourcePackages/artifacts\"\nSWIFTLINT_CMD=$(ls \"$SWIFT_PACKAGE_DIR\"/swiftlintplugins/SwiftLintBinary/SwiftLintBinary.artifactbundle/swiftlint-*/bin/swiftlint | head -n 1)\n\nif test -f \"$SWIFTLINT_CMD\" 2>&1\nthen\n    \"$SWIFTLINT_CMD\"\nelse\n    echo \"warning: `swiftlint` command not found - See https://github.com/realm/SwiftLint#installation for installation instructions.\"\nfi\n";
		};
/* End PBXShellScriptBuildPhase section */

/* Begin PBXSourcesBuildPhase section */
		8F1685282C6354590010F8D8 /* Sources */ = {
			isa = PBXSourcesBuildPhase;
			buildActionMask = 2147483647;
			files = (
				EA49D3722C74EAC70002F243 /* CropViewController.swift in Sources */,
				EA141F9C2C69F60800DD4B29 /* SnapCollectionViewCell.swift in Sources */,
				4A82A7E92C7392D500E27228 /* CategorySettingsTableViewCell.swift in Sources */,
				C24BFA672C649CF700A5B40A /* AuthViewModel.swift in Sources */,
				C24BFA632C649CBA00A5B40A /* SignInViewController.swift in Sources */,
				C2734C3B2C69F1D200E45294 /* CategoryService.swift in Sources */,
				4AC9A0302C72DDD100EB5FFC /* CustomNavigationBarController.swift in Sources */,
				C246CE602C74EF8200A631BE /* LegalType.swift in Sources */,
				C2F8B19F2C6A4FD900D73071 /* ManagementService.swift in Sources */,
				B8339E052C76C7350021A57D /* CustomAddTableViewCell.swift in Sources */,
				4AD29AA82C6512E800A9BEDD /* HorizontalSnapPhotoCollectionViewCell.swift in Sources */,
				4AC9A0392C72E96700EB5FFC /* NotificationViewController.swift in Sources */,
				C246CE5B2C74EF7D00A631BE /* AppLockSettingTableViewCell.swift in Sources */,
				B8339E042C76C7350021A57D /* AddManagementViewController.swift in Sources */,
				EA57EB482C72CAAC007F8987 /* Category.swift in Sources */,
				EA5047612C6500870033D807 /* HomeViewModel.swift in Sources */,
				8FA215942C745B4300891F93 /* CostChartViewController.swift in Sources */,
				C259C81B2C787B89004F569A /* NotificationManager.swift in Sources */,
				4AD29AD52C6AE1F200A9BEDD /* UIView+Extensions.swift in Sources */,
				4A20F6472C6C32B600F263FF /* SnapComparisonSheetViewModel.swift in Sources */,
				4AD29AA22C64A03F00A9BEDD /* SnapComparisonViewController.swift in Sources */,
				4AD29AD32C699DF200A9BEDD /* SnapPhotoViewController.swift in Sources */,
				4AD29AA42C65051B00A9BEDD /* SnapComparisonViewModel.swift in Sources */,
				4AD29AA62C650A5A00A9BEDD /* SnapComparisonCollectionViewCell.swift in Sources */,
				8F1685302C6354590010F8D8 /* AppDelegate.swift in Sources */,
				EAE34EB32C776E6700BEFF3A /* CustomDatePickerViewController.swift in Sources */,
				8F1685532C6599A20010F8D8 /* CalendarViewController.swift in Sources */,
				C2D401602C73853B000E0343 /* CustomTableViewCell.swift in Sources */,
				C259C8142C784610004F569A /* UIImageView+Extensions.swift in Sources */,
				EA141FA02C6AFC8400DD4B29 /* ChecklistTableViewController.swift in Sources */,
				C2599B382C699B05004EF6E7 /* LocalAuthenticationViewModel.swift in Sources */,
				8F4C73C22C6B1E71000AACDA /* svenmodels.swift in Sources */,
				C246CE5C2C74EF7D00A631BE /* SettingTableViewCell.swift in Sources */,
				8F5EE7EC2C6C798C007AF73B /* isDonePercentageChartViewController.swift in Sources */,
				EA57EB4C2C72CAEC007F8987 /* Snap.swift in Sources */,
				4A20F6492C6C32E900F263FF /* SnapComparisonCellViewModel.swift in Sources */,
				B8DFF4C92C785BEA0045CC43 /* DetailCostViewModel.swift in Sources */,
				4AC9A0322C72DE0C00EB5FFC /* CustomTabBarController.swift in Sources */,
				4AF17D802C73298800C1E5A2 /* CategorySettingsViewController.swift in Sources */,
				8F1685322C6354590010F8D8 /* SceneDelegate.swift in Sources */,
				4AC9A03F2C731E2200EB5FFC /* CustomNavigationBarViewModel.swift in Sources */,
				C2F416472C6B397800A2F544 /* SnapService.swift in Sources */,
				C2D4015B2C73788D000E0343 /* DetailCostViewController.swift in Sources */,
				B8339E0B2C76C7E80021A57D /* AddManagementViewmodel.swift in Sources */,
				C246CE612C74EF8200A631BE /* LegalViewController.swift in Sources */,
				EA57EB4A2C72CAD2007F8987 /* Management.swift in Sources */,
				8FA215912C731E0500891F93 /* TodoTableViewCell.swift in Sources */,
				EA141F9E2C6AEAB200DD4B29 /* ChecklistTableViewCell.swift in Sources */,
				EA664E4E2C73914B0034B998 /* CustomCropToolbar.swift in Sources */,
				EA50475B2C64A1390033D807 /* HomeViewController.swift in Sources */,
				C246CE5A2C74EF7D00A631BE /* AccountInfoTableViewCell.swift in Sources */,
				4AD29AD82C6B35BE00A9BEDD /* Color+Extensions.swift in Sources */,
				C246CE622C74EF8200A631BE /* SettingViewController.swift in Sources */,
				4AD29AAC2C65F2B700A9BEDD /* SnapComparisonSheetViewController.swift in Sources */,
			);
			runOnlyForDeploymentPostprocessing = 0;
		};
/* End PBXSourcesBuildPhase section */

/* Begin PBXVariantGroup section */
		8F16853A2C63545A0010F8D8 /* LaunchScreen.storyboard */ = {
			isa = PBXVariantGroup;
			children = (
				8F16853B2C63545A0010F8D8 /* Base */,
			);
			name = LaunchScreen.storyboard;
			sourceTree = "<group>";
		};
/* End PBXVariantGroup section */

/* Begin XCBuildConfiguration section */
		8F16853E2C63545A0010F8D8 /* Debug */ = {
			isa = XCBuildConfiguration;
			baseConfigurationReference = C24E0AFA2C762EB800CCC055 /* Config.xcconfig */;
			buildSettings = {
				ALWAYS_SEARCH_USER_PATHS = NO;
				ASSETCATALOG_COMPILER_GENERATE_SWIFT_ASSET_SYMBOL_EXTENSIONS = YES;
				CLANG_ANALYZER_NONNULL = YES;
				CLANG_ANALYZER_NUMBER_OBJECT_CONVERSION = YES_AGGRESSIVE;
				CLANG_CXX_LANGUAGE_STANDARD = "gnu++20";
				CLANG_ENABLE_MODULES = YES;
				CLANG_ENABLE_OBJC_ARC = YES;
				CLANG_ENABLE_OBJC_WEAK = YES;
				CLANG_WARN_BLOCK_CAPTURE_AUTORELEASING = YES;
				CLANG_WARN_BOOL_CONVERSION = YES;
				CLANG_WARN_COMMA = YES;
				CLANG_WARN_CONSTANT_CONVERSION = YES;
				CLANG_WARN_DEPRECATED_OBJC_IMPLEMENTATIONS = YES;
				CLANG_WARN_DIRECT_OBJC_ISA_USAGE = YES_ERROR;
				CLANG_WARN_DOCUMENTATION_COMMENTS = YES;
				CLANG_WARN_EMPTY_BODY = YES;
				CLANG_WARN_ENUM_CONVERSION = YES;
				CLANG_WARN_INFINITE_RECURSION = YES;
				CLANG_WARN_INT_CONVERSION = YES;
				CLANG_WARN_NON_LITERAL_NULL_CONVERSION = YES;
				CLANG_WARN_OBJC_IMPLICIT_RETAIN_SELF = YES;
				CLANG_WARN_OBJC_LITERAL_CONVERSION = YES;
				CLANG_WARN_OBJC_ROOT_CLASS = YES_ERROR;
				CLANG_WARN_QUOTED_INCLUDE_IN_FRAMEWORK_HEADER = YES;
				CLANG_WARN_RANGE_LOOP_ANALYSIS = YES;
				CLANG_WARN_STRICT_PROTOTYPES = YES;
				CLANG_WARN_SUSPICIOUS_MOVE = YES;
				CLANG_WARN_UNGUARDED_AVAILABILITY = YES_AGGRESSIVE;
				CLANG_WARN_UNREACHABLE_CODE = YES;
				CLANG_WARN__DUPLICATE_METHOD_MATCH = YES;
				COPY_PHASE_STRIP = NO;
				DEBUG_INFORMATION_FORMAT = dwarf;
				ENABLE_STRICT_OBJC_MSGSEND = YES;
				ENABLE_TESTABILITY = YES;
				ENABLE_USER_SCRIPT_SANDBOXING = NO;
				GCC_C_LANGUAGE_STANDARD = gnu17;
				GCC_DYNAMIC_NO_PIC = NO;
				GCC_NO_COMMON_BLOCKS = YES;
				GCC_OPTIMIZATION_LEVEL = 0;
				GCC_PREPROCESSOR_DEFINITIONS = (
					"DEBUG=1",
					"$(inherited)",
				);
				GCC_WARN_64_TO_32_BIT_CONVERSION = YES;
				GCC_WARN_ABOUT_RETURN_TYPE = YES_ERROR;
				GCC_WARN_UNDECLARED_SELECTOR = YES;
				GCC_WARN_UNINITIALIZED_AUTOS = YES_AGGRESSIVE;
				GCC_WARN_UNUSED_FUNCTION = YES;
				GCC_WARN_UNUSED_VARIABLE = YES;
				IPHONEOS_DEPLOYMENT_TARGET = 17.0;
				LOCALIZATION_PREFERS_STRING_CATALOGS = YES;
				MTL_ENABLE_DEBUG_INFO = INCLUDE_SOURCE;
				MTL_FAST_MATH = YES;
				ONLY_ACTIVE_ARCH = YES;
				SDKROOT = iphoneos;
				SWIFT_ACTIVE_COMPILATION_CONDITIONS = "DEBUG $(inherited)";
				SWIFT_OPTIMIZATION_LEVEL = "-Onone";
			};
			name = Debug;
		};
		8F16853F2C63545A0010F8D8 /* Release */ = {
			isa = XCBuildConfiguration;
			baseConfigurationReference = C24E0AFA2C762EB800CCC055 /* Config.xcconfig */;
			buildSettings = {
				ALWAYS_SEARCH_USER_PATHS = NO;
				ASSETCATALOG_COMPILER_GENERATE_SWIFT_ASSET_SYMBOL_EXTENSIONS = YES;
				CLANG_ANALYZER_NONNULL = YES;
				CLANG_ANALYZER_NUMBER_OBJECT_CONVERSION = YES_AGGRESSIVE;
				CLANG_CXX_LANGUAGE_STANDARD = "gnu++20";
				CLANG_ENABLE_MODULES = YES;
				CLANG_ENABLE_OBJC_ARC = YES;
				CLANG_ENABLE_OBJC_WEAK = YES;
				CLANG_WARN_BLOCK_CAPTURE_AUTORELEASING = YES;
				CLANG_WARN_BOOL_CONVERSION = YES;
				CLANG_WARN_COMMA = YES;
				CLANG_WARN_CONSTANT_CONVERSION = YES;
				CLANG_WARN_DEPRECATED_OBJC_IMPLEMENTATIONS = YES;
				CLANG_WARN_DIRECT_OBJC_ISA_USAGE = YES_ERROR;
				CLANG_WARN_DOCUMENTATION_COMMENTS = YES;
				CLANG_WARN_EMPTY_BODY = YES;
				CLANG_WARN_ENUM_CONVERSION = YES;
				CLANG_WARN_INFINITE_RECURSION = YES;
				CLANG_WARN_INT_CONVERSION = YES;
				CLANG_WARN_NON_LITERAL_NULL_CONVERSION = YES;
				CLANG_WARN_OBJC_IMPLICIT_RETAIN_SELF = YES;
				CLANG_WARN_OBJC_LITERAL_CONVERSION = YES;
				CLANG_WARN_OBJC_ROOT_CLASS = YES_ERROR;
				CLANG_WARN_QUOTED_INCLUDE_IN_FRAMEWORK_HEADER = YES;
				CLANG_WARN_RANGE_LOOP_ANALYSIS = YES;
				CLANG_WARN_STRICT_PROTOTYPES = YES;
				CLANG_WARN_SUSPICIOUS_MOVE = YES;
				CLANG_WARN_UNGUARDED_AVAILABILITY = YES_AGGRESSIVE;
				CLANG_WARN_UNREACHABLE_CODE = YES;
				CLANG_WARN__DUPLICATE_METHOD_MATCH = YES;
				COPY_PHASE_STRIP = NO;
				DEBUG_INFORMATION_FORMAT = "dwarf-with-dsym";
				ENABLE_NS_ASSERTIONS = NO;
				ENABLE_STRICT_OBJC_MSGSEND = YES;
				ENABLE_USER_SCRIPT_SANDBOXING = NO;
				GCC_C_LANGUAGE_STANDARD = gnu17;
				GCC_NO_COMMON_BLOCKS = YES;
				GCC_WARN_64_TO_32_BIT_CONVERSION = YES;
				GCC_WARN_ABOUT_RETURN_TYPE = YES_ERROR;
				GCC_WARN_UNDECLARED_SELECTOR = YES;
				GCC_WARN_UNINITIALIZED_AUTOS = YES_AGGRESSIVE;
				GCC_WARN_UNUSED_FUNCTION = YES;
				GCC_WARN_UNUSED_VARIABLE = YES;
				IPHONEOS_DEPLOYMENT_TARGET = 17.0;
				LOCALIZATION_PREFERS_STRING_CATALOGS = YES;
				MTL_ENABLE_DEBUG_INFO = NO;
				MTL_FAST_MATH = YES;
				SDKROOT = iphoneos;
				SWIFT_COMPILATION_MODE = wholemodule;
				VALIDATE_PRODUCT = YES;
			};
			name = Release;
		};
		8F1685412C63545A0010F8D8 /* Debug */ = {
			isa = XCBuildConfiguration;
			buildSettings = {
				ASSETCATALOG_COMPILER_APPICON_NAME = AppIcon;
				ASSETCATALOG_COMPILER_GLOBAL_ACCENT_COLOR_NAME = AccentColor;
				CODE_SIGN_ENTITLEMENTS = SnapPop/SnapPop.entitlements;
				CODE_SIGN_IDENTITY = "Apple Development";
				CODE_SIGN_STYLE = Automatic;
				CURRENT_PROJECT_VERSION = 1;
				DEVELOPMENT_TEAM = 59FP2PXRXK;
				GENERATE_INFOPLIST_FILE = YES;
				INFOPLIST_FILE = SnapPop/Info.plist;
				INFOPLIST_KEY_NSFaceIDUsageDescription = "SnapPop 앱 잠금 해제를 위해 Face ID가 필요합니다.";
				INFOPLIST_KEY_UIApplicationSupportsIndirectInputEvents = YES;
				INFOPLIST_KEY_UILaunchStoryboardName = LaunchScreen;
				INFOPLIST_KEY_UISupportedInterfaceOrientations_iPad = "UIInterfaceOrientationPortrait UIInterfaceOrientationPortraitUpsideDown UIInterfaceOrientationLandscapeLeft UIInterfaceOrientationLandscapeRight";
				INFOPLIST_KEY_UISupportedInterfaceOrientations_iPhone = "UIInterfaceOrientationPortrait UIInterfaceOrientationLandscapeLeft UIInterfaceOrientationLandscapeRight";
				LD_RUNPATH_SEARCH_PATHS = (
					"$(inherited)",
					"@executable_path/Frameworks",
				);
				MARKETING_VERSION = 1.0;
				PRODUCT_BUNDLE_IDENTIFIER = com.codegrove.SnapPop;
				PRODUCT_NAME = "$(TARGET_NAME)";
				PROVISIONING_PROFILE_SPECIFIER = "";
				SWIFT_EMIT_LOC_STRINGS = YES;
				SWIFT_VERSION = 5.0;
				TARGETED_DEVICE_FAMILY = "1,2";
			};
			name = Debug;
		};
		8F1685422C63545A0010F8D8 /* Release */ = {
			isa = XCBuildConfiguration;
			buildSettings = {
				ASSETCATALOG_COMPILER_APPICON_NAME = AppIcon;
				ASSETCATALOG_COMPILER_GLOBAL_ACCENT_COLOR_NAME = AccentColor;
				CODE_SIGN_ENTITLEMENTS = SnapPop/SnapPop.entitlements;
				CODE_SIGN_IDENTITY = "Apple Development";
				CODE_SIGN_STYLE = Automatic;
				CURRENT_PROJECT_VERSION = 1;
				DEVELOPMENT_TEAM = 59FP2PXRXK;
				GENERATE_INFOPLIST_FILE = YES;
				INFOPLIST_FILE = SnapPop/Info.plist;
				INFOPLIST_KEY_NSFaceIDUsageDescription = "SnapPop 앱 잠금 해제를 위해 Face ID가 필요합니다.";
				INFOPLIST_KEY_UIApplicationSupportsIndirectInputEvents = YES;
				INFOPLIST_KEY_UILaunchStoryboardName = LaunchScreen;
				INFOPLIST_KEY_UISupportedInterfaceOrientations_iPad = "UIInterfaceOrientationPortrait UIInterfaceOrientationPortraitUpsideDown UIInterfaceOrientationLandscapeLeft UIInterfaceOrientationLandscapeRight";
				INFOPLIST_KEY_UISupportedInterfaceOrientations_iPhone = "UIInterfaceOrientationPortrait UIInterfaceOrientationLandscapeLeft UIInterfaceOrientationLandscapeRight";
				LD_RUNPATH_SEARCH_PATHS = (
					"$(inherited)",
					"@executable_path/Frameworks",
				);
				MARKETING_VERSION = 1.0;
				PRODUCT_BUNDLE_IDENTIFIER = com.codegrove.SnapPop;
				PRODUCT_NAME = "$(TARGET_NAME)";
				PROVISIONING_PROFILE_SPECIFIER = "";
				SWIFT_EMIT_LOC_STRINGS = YES;
				SWIFT_VERSION = 5.0;
				TARGETED_DEVICE_FAMILY = "1,2";
			};
			name = Release;
		};
/* End XCBuildConfiguration section */

/* Begin XCConfigurationList section */
		8F1685272C6354590010F8D8 /* Build configuration list for PBXProject "SnapPop" */ = {
			isa = XCConfigurationList;
			buildConfigurations = (
				8F16853E2C63545A0010F8D8 /* Debug */,
				8F16853F2C63545A0010F8D8 /* Release */,
			);
			defaultConfigurationIsVisible = 0;
			defaultConfigurationName = Release;
		};
		8F1685402C63545A0010F8D8 /* Build configuration list for PBXNativeTarget "SnapPop" */ = {
			isa = XCConfigurationList;
			buildConfigurations = (
				8F1685412C63545A0010F8D8 /* Debug */,
				8F1685422C63545A0010F8D8 /* Release */,
			);
			defaultConfigurationIsVisible = 0;
			defaultConfigurationName = Release;
		};
/* End XCConfigurationList section */

/* Begin XCRemoteSwiftPackageReference section */
		4AC605B22C78769D00D3AF19 /* XCRemoteSwiftPackageReference "Kingfisher" */ = {
			isa = XCRemoteSwiftPackageReference;
			repositoryURL = "https://github.com/onevcat/Kingfisher.git";
			requirement = {
				kind = upToNextMajorVersion;
				minimumVersion = 7.12.0;
			};
		};
		8F1685472C6360180010F8D8 /* XCRemoteSwiftPackageReference "firebase-ios-sdk" */ = {
			isa = XCRemoteSwiftPackageReference;
			repositoryURL = "https://github.com/firebase/firebase-ios-sdk.git";
			requirement = {
				kind = upToNextMajorVersion;
				minimumVersion = 11.0.0;
			};
		};
		C24BFA522C647B6900A5B40A /* XCRemoteSwiftPackageReference "SwiftLintPlugins" */ = {
			isa = XCRemoteSwiftPackageReference;
			repositoryURL = "https://github.com/SimplyDanny/SwiftLintPlugins";
			requirement = {
				kind = upToNextMajorVersion;
				minimumVersion = 0.56.1;
			};
		};
		C24BFA682C649E4300A5B40A /* XCRemoteSwiftPackageReference "GoogleSignIn-iOS" */ = {
			isa = XCRemoteSwiftPackageReference;
			repositoryURL = "https://github.com/google/GoogleSignIn-iOS";
			requirement = {
				kind = upToNextMajorVersion;
				minimumVersion = 7.1.0;
			};
		};
/* End XCRemoteSwiftPackageReference section */

/* Begin XCSwiftPackageProductDependency section */
		4AC605B32C78769D00D3AF19 /* Kingfisher */ = {
			isa = XCSwiftPackageProductDependency;
			package = 4AC605B22C78769D00D3AF19 /* XCRemoteSwiftPackageReference "Kingfisher" */;
			productName = Kingfisher;
		};
		8F1685482C6360180010F8D8 /* FirebaseAuth */ = {
			isa = XCSwiftPackageProductDependency;
			package = 8F1685472C6360180010F8D8 /* XCRemoteSwiftPackageReference "firebase-ios-sdk" */;
			productName = FirebaseAuth;
		};
		8F16854A2C6360180010F8D8 /* FirebaseFirestore */ = {
			isa = XCSwiftPackageProductDependency;
			package = 8F1685472C6360180010F8D8 /* XCRemoteSwiftPackageReference "firebase-ios-sdk" */;
			productName = FirebaseFirestore;
		};
		8F16854C2C6360180010F8D8 /* FirebaseStorage */ = {
			isa = XCSwiftPackageProductDependency;
			package = 8F1685472C6360180010F8D8 /* XCRemoteSwiftPackageReference "firebase-ios-sdk" */;
			productName = FirebaseStorage;
		};
		C24BFA692C649E4300A5B40A /* GoogleSignIn */ = {
			isa = XCSwiftPackageProductDependency;
			package = C24BFA682C649E4300A5B40A /* XCRemoteSwiftPackageReference "GoogleSignIn-iOS" */;
			productName = GoogleSignIn;
		};
		C24BFA6B2C649E4300A5B40A /* GoogleSignInSwift */ = {
			isa = XCSwiftPackageProductDependency;
			package = C24BFA682C649E4300A5B40A /* XCRemoteSwiftPackageReference "GoogleSignIn-iOS" */;
			productName = GoogleSignInSwift;
		};
/* End XCSwiftPackageProductDependency section */
	};
	rootObject = 8F1685242C6354590010F8D8 /* Project object */;
}
